// !$*UTF8*$!
{
	archiveVersion = 1;
	classes = {
	};
	objectVersion = 46;
	objects = {

/* Begin PBXBuildFile section */
		28AADEC51F455B420024D4E3 /* HHRegistProtocolController.swift in Sources */ = {isa = PBXBuildFile; fileRef = 28AADEC41F455B420024D4E3 /* HHRegistProtocolController.swift */; };
		28AADEC71F455B8C0024D4E3 /* HHChioceRoleController.swift in Sources */ = {isa = PBXBuildFile; fileRef = 28AADEC61F455B8C0024D4E3 /* HHChioceRoleController.swift */; };
		28AADECD1F456FDA0024D4E3 /* HHChoiceView.swift in Sources */ = {isa = PBXBuildFile; fileRef = 28AADECC1F456FDA0024D4E3 /* HHChoiceView.swift */; };
		9B0BCDA01DFF9D4F0087FC35 /* UIButton+Extension.swift in Sources */ = {isa = PBXBuildFile; fileRef = 9B0BCD9F1DFF9D4F0087FC35 /* UIButton+Extension.swift */; };
		9B0BCDA21DFFA1A50087FC35 /* UILabel+Extension.swift in Sources */ = {isa = PBXBuildFile; fileRef = 9B0BCDA11DFFA1A50087FC35 /* UILabel+Extension.swift */; };
		9B0BCDA41DFFA4720087FC35 /* UIImageView+Extension.swift in Sources */ = {isa = PBXBuildFile; fileRef = 9B0BCDA31DFFA4720087FC35 /* UIImageView+Extension.swift */; };
		9B0BCDA61DFFA5EB0087FC35 /* UIBarButtonItem+Extension.swift in Sources */ = {isa = PBXBuildFile; fileRef = 9B0BCDA51DFFA5EB0087FC35 /* UIBarButtonItem+Extension.swift */; };
		9B0BCDAA1DFFD3FB0087FC35 /* HHCommon.swift in Sources */ = {isa = PBXBuildFile; fileRef = 9B0BCDA91DFFD3FB0087FC35 /* HHCommon.swift */; };
		9B0BCDB41E014A9A0087FC35 /* HHNetworkTools.swift in Sources */ = {isa = PBXBuildFile; fileRef = 9B0BCDB31E014A9A0087FC35 /* HHNetworkTools.swift */; };
		9B0BCDB71E027E420087FC35 /* HHAccountViewModel.swift in Sources */ = {isa = PBXBuildFile; fileRef = 9B0BCDB61E027E420087FC35 /* HHAccountViewModel.swift */; };
		9B0BCDB91E027FAF0087FC35 /* HHAccountModel.swift in Sources */ = {isa = PBXBuildFile; fileRef = 9B0BCDB81E027FAF0087FC35 /* HHAccountModel.swift */; };
		9B33CA021F3AEC5B00461B4F /* HHLogInView.swift in Sources */ = {isa = PBXBuildFile; fileRef = 9B33CA011F3AEC5B00461B4F /* HHLogInView.swift */; };
		9B33CA041F3AED8600461B4F /* HHLogInView.xib in Resources */ = {isa = PBXBuildFile; fileRef = 9B33CA031F3AED8600461B4F /* HHLogInView.xib */; };
		9B33CA061F3B054A00461B4F /* HHLoadNibDelegate.swift in Sources */ = {isa = PBXBuildFile; fileRef = 9B33CA051F3B054A00461B4F /* HHLoadNibDelegate.swift */; };
		9B33CA081F3C41D300461B4F /* HHChoiceCuntryController.swift in Sources */ = {isa = PBXBuildFile; fileRef = 9B33CA071F3C41D300461B4F /* HHChoiceCuntryController.swift */; };
		9B33CA0B1F3C432500461B4F /* HHChoiceCountryCell.swift in Sources */ = {isa = PBXBuildFile; fileRef = 9B33CA091F3C432500461B4F /* HHChoiceCountryCell.swift */; };
		9B33CA0C1F3C432500461B4F /* HHChoiceCountryCell.xib in Resources */ = {isa = PBXBuildFile; fileRef = 9B33CA0A1F3C432500461B4F /* HHChoiceCountryCell.xib */; };
		9B33CA0E1F3C449A00461B4F /* HHChoiceCountryModel.swift in Sources */ = {isa = PBXBuildFile; fileRef = 9B33CA0D1F3C449A00461B4F /* HHChoiceCountryModel.swift */; };
		9B33CA101F3C4C1700461B4F /* HHChoiceModel.swift in Sources */ = {isa = PBXBuildFile; fileRef = 9B33CA0F1F3C4C1700461B4F /* HHChoiceModel.swift */; };
		9B33CA121F3C50DE00461B4F /* HHNetworkClass.swift in Sources */ = {isa = PBXBuildFile; fileRef = 9B33CA111F3C50DE00461B4F /* HHNetworkClass.swift */; };
		9B33CA151F417CDB00461B4F /* HHProgressHUD.swift in Sources */ = {isa = PBXBuildFile; fileRef = 9B33CA141F417CDB00461B4F /* HHProgressHUD.swift */; };
		9B4F764B1F4AAC1D00EDDC03 /* HHTimer.swift in Sources */ = {isa = PBXBuildFile; fileRef = 9B4F764A1F4AAC1D00EDDC03 /* HHTimer.swift */; };
		9B4F76611F4BCDB700EDDC03 /* HHBaseScrollViewController.swift in Sources */ = {isa = PBXBuildFile; fileRef = 9B4F76601F4BCDB700EDDC03 /* HHBaseScrollViewController.swift */; };
		9B4F76631F4BCDF900EDDC03 /* HHOrderController.swift in Sources */ = {isa = PBXBuildFile; fileRef = 9B4F76621F4BCDF900EDDC03 /* HHOrderController.swift */; };
		9B4F76651F4BD81000EDDC03 /* HHOrderHeadView.swift in Sources */ = {isa = PBXBuildFile; fileRef = 9B4F76641F4BD81000EDDC03 /* HHOrderHeadView.swift */; };
		9B4F76681F4C00DE00EDDC03 /* HHOrderCell.swift in Sources */ = {isa = PBXBuildFile; fileRef = 9B4F76661F4C00DE00EDDC03 /* HHOrderCell.swift */; };
		9B4F76691F4C00DE00EDDC03 /* HHOrderCell.xib in Resources */ = {isa = PBXBuildFile; fileRef = 9B4F76671F4C00DE00EDDC03 /* HHOrderCell.xib */; };
		9B4F766B1F4C041800EDDC03 /* HHOrderTableView.swift in Sources */ = {isa = PBXBuildFile; fileRef = 9B4F766A1F4C041800EDDC03 /* HHOrderTableView.swift */; };
		9B4F766D1F4C13CB00EDDC03 /* HHOrderModel.swift in Sources */ = {isa = PBXBuildFile; fileRef = 9B4F766C1F4C13CB00EDDC03 /* HHOrderModel.swift */; };
		9B6E5A471F4593EF0055746C /* HHPhotoPickManager.swift in Sources */ = {isa = PBXBuildFile; fileRef = 9B6E5A461F4593EF0055746C /* HHPhotoPickManager.swift */; };
		9B6E5A491F45E3CF0055746C /* HHLayerController.swift in Sources */ = {isa = PBXBuildFile; fileRef = 9B6E5A481F45E3CF0055746C /* HHLayerController.swift */; };
		9B6E5A4B1F46ED2A0055746C /* HHPickerView.swift in Sources */ = {isa = PBXBuildFile; fileRef = 9B6E5A4A1F46ED2A0055746C /* HHPickerView.swift */; };
		9BD560A31F31A04D0054AF8F /* HHLogInAndSignUpView.swift in Sources */ = {isa = PBXBuildFile; fileRef = 9BD560A21F31A04D0054AF8F /* HHLogInAndSignUpView.swift */; };
		9BF00B241E0910E90045E4D0 /* HHTestViewController.swift in Sources */ = {isa = PBXBuildFile; fileRef = 9BF00B231E0910E90045E4D0 /* HHTestViewController.swift */; };
		9BF9C4CD1DF9934F0065D9F7 /* AppDelegate.swift in Sources */ = {isa = PBXBuildFile; fileRef = 9BF9C4CC1DF9934F0065D9F7 /* AppDelegate.swift */; };
		9BF9C4D41DF9934F0065D9F7 /* Assets.xcassets in Resources */ = {isa = PBXBuildFile; fileRef = 9BF9C4D31DF9934F0065D9F7 /* Assets.xcassets */; };
		9BF9C4D71DF9934F0065D9F7 /* LaunchScreen.storyboard in Resources */ = {isa = PBXBuildFile; fileRef = 9BF9C4D51DF9934F0065D9F7 /* LaunchScreen.storyboard */; };
		9BF9C4F11DF993E00065D9F7 /* HHBaseTableViewController.swift in Sources */ = {isa = PBXBuildFile; fileRef = 9BF9C4E01DF993E00065D9F7 /* HHBaseTableViewController.swift */; };
		9BF9C4F21DF993E00065D9F7 /* HHBaseViewController.swift in Sources */ = {isa = PBXBuildFile; fileRef = 9BF9C4E11DF993E00065D9F7 /* HHBaseViewController.swift */; };
		9BF9C4F31DF993E00065D9F7 /* HHNavigationController.swift in Sources */ = {isa = PBXBuildFile; fileRef = 9BF9C4E21DF993E00065D9F7 /* HHNavigationController.swift */; };
		9BF9C4F41DF993E00065D9F7 /* HHLoginController.swift in Sources */ = {isa = PBXBuildFile; fileRef = 9BF9C4E91DF993E00065D9F7 /* HHLoginController.swift */; };
		9BFA7AD81E02DC52005D6D3F /* HeaderFile.swift in Sources */ = {isa = PBXBuildFile; fileRef = 9BFA7AD71E02DC52005D6D3F /* HeaderFile.swift */; };
		EBB21E850E374082ACBE04B7 /* Pods_haihuilai_buyer.framework in Frameworks */ = {isa = PBXBuildFile; fileRef = 02BA5D718C7BAC88A1E4EEA5 /* Pods_haihuilai_buyer.framework */; };
/* End PBXBuildFile section */

/* Begin PBXFileReference section */
		02BA5D718C7BAC88A1E4EEA5 /* Pods_haihuilai_buyer.framework */ = {isa = PBXFileReference; explicitFileType = wrapper.framework; includeInIndex = 0; path = Pods_haihuilai_buyer.framework; sourceTree = BUILT_PRODUCTS_DIR; };
		28AADEC41F455B420024D4E3 /* HHRegistProtocolController.swift */ = {isa = PBXFileReference; fileEncoding = 4; lastKnownFileType = sourcecode.swift; path = HHRegistProtocolController.swift; sourceTree = "<group>"; };
		28AADEC61F455B8C0024D4E3 /* HHChioceRoleController.swift */ = {isa = PBXFileReference; fileEncoding = 4; lastKnownFileType = sourcecode.swift; path = HHChioceRoleController.swift; sourceTree = "<group>"; };
		28AADECC1F456FDA0024D4E3 /* HHChoiceView.swift */ = {isa = PBXFileReference; fileEncoding = 4; lastKnownFileType = sourcecode.swift; path = HHChoiceView.swift; sourceTree = "<group>"; };
		9B0BCD9F1DFF9D4F0087FC35 /* UIButton+Extension.swift */ = {isa = PBXFileReference; fileEncoding = 4; lastKnownFileType = sourcecode.swift; path = "UIButton+Extension.swift"; sourceTree = "<group>"; };
		9B0BCDA11DFFA1A50087FC35 /* UILabel+Extension.swift */ = {isa = PBXFileReference; fileEncoding = 4; lastKnownFileType = sourcecode.swift; path = "UILabel+Extension.swift"; sourceTree = "<group>"; };
		9B0BCDA31DFFA4720087FC35 /* UIImageView+Extension.swift */ = {isa = PBXFileReference; fileEncoding = 4; lastKnownFileType = sourcecode.swift; path = "UIImageView+Extension.swift"; sourceTree = "<group>"; };
		9B0BCDA51DFFA5EB0087FC35 /* UIBarButtonItem+Extension.swift */ = {isa = PBXFileReference; fileEncoding = 4; lastKnownFileType = sourcecode.swift; path = "UIBarButtonItem+Extension.swift"; sourceTree = "<group>"; };
		9B0BCDA91DFFD3FB0087FC35 /* HHCommon.swift */ = {isa = PBXFileReference; fileEncoding = 4; lastKnownFileType = sourcecode.swift; path = HHCommon.swift; sourceTree = "<group>"; };
		9B0BCDAB1E0024380087FC35 /* haihuilai_buyer-Bridging-Header.h */ = {isa = PBXFileReference; lastKnownFileType = sourcecode.c.h; name = "haihuilai_buyer-Bridging-Header.h"; path = "class/Common/haihuilai_buyer-Bridging-Header.h"; sourceTree = "<group>"; };
		9B0BCDB31E014A9A0087FC35 /* HHNetworkTools.swift */ = {isa = PBXFileReference; fileEncoding = 4; lastKnownFileType = sourcecode.swift; path = HHNetworkTools.swift; sourceTree = "<group>"; };
		9B0BCDB61E027E420087FC35 /* HHAccountViewModel.swift */ = {isa = PBXFileReference; fileEncoding = 4; lastKnownFileType = sourcecode.swift; name = HHAccountViewModel.swift; path = haihuilai_buyer/class/Common/Networking/HHAccountViewModel.swift; sourceTree = SOURCE_ROOT; };
		9B0BCDB81E027FAF0087FC35 /* HHAccountModel.swift */ = {isa = PBXFileReference; fileEncoding = 4; lastKnownFileType = sourcecode.swift; path = HHAccountModel.swift; sourceTree = "<group>"; };
		9B33CA011F3AEC5B00461B4F /* HHLogInView.swift */ = {isa = PBXFileReference; fileEncoding = 4; lastKnownFileType = sourcecode.swift; path = HHLogInView.swift; sourceTree = "<group>"; };
		9B33CA031F3AED8600461B4F /* HHLogInView.xib */ = {isa = PBXFileReference; fileEncoding = 4; lastKnownFileType = file.xib; path = HHLogInView.xib; sourceTree = "<group>"; };
		9B33CA051F3B054A00461B4F /* HHLoadNibDelegate.swift */ = {isa = PBXFileReference; fileEncoding = 4; lastKnownFileType = sourcecode.swift; path = HHLoadNibDelegate.swift; sourceTree = "<group>"; };
		9B33CA071F3C41D300461B4F /* HHChoiceCuntryController.swift */ = {isa = PBXFileReference; fileEncoding = 4; lastKnownFileType = sourcecode.swift; path = HHChoiceCuntryController.swift; sourceTree = "<group>"; };
		9B33CA091F3C432500461B4F /* HHChoiceCountryCell.swift */ = {isa = PBXFileReference; fileEncoding = 4; lastKnownFileType = sourcecode.swift; path = HHChoiceCountryCell.swift; sourceTree = "<group>"; };
		9B33CA0A1F3C432500461B4F /* HHChoiceCountryCell.xib */ = {isa = PBXFileReference; fileEncoding = 4; lastKnownFileType = file.xib; path = HHChoiceCountryCell.xib; sourceTree = "<group>"; };
		9B33CA0D1F3C449A00461B4F /* HHChoiceCountryModel.swift */ = {isa = PBXFileReference; fileEncoding = 4; lastKnownFileType = sourcecode.swift; path = HHChoiceCountryModel.swift; sourceTree = "<group>"; };
		9B33CA0F1F3C4C1700461B4F /* HHChoiceModel.swift */ = {isa = PBXFileReference; fileEncoding = 4; lastKnownFileType = sourcecode.swift; path = HHChoiceModel.swift; sourceTree = "<group>"; };
		9B33CA111F3C50DE00461B4F /* HHNetworkClass.swift */ = {isa = PBXFileReference; fileEncoding = 4; lastKnownFileType = sourcecode.swift; path = HHNetworkClass.swift; sourceTree = "<group>"; };
		9B33CA141F417CDB00461B4F /* HHProgressHUD.swift */ = {isa = PBXFileReference; fileEncoding = 4; lastKnownFileType = sourcecode.swift; path = HHProgressHUD.swift; sourceTree = "<group>"; };
		9B4F764A1F4AAC1D00EDDC03 /* HHTimer.swift */ = {isa = PBXFileReference; fileEncoding = 4; lastKnownFileType = sourcecode.swift; path = HHTimer.swift; sourceTree = "<group>"; };
		9B4F76601F4BCDB700EDDC03 /* HHBaseScrollViewController.swift */ = {isa = PBXFileReference; fileEncoding = 4; lastKnownFileType = sourcecode.swift; path = HHBaseScrollViewController.swift; sourceTree = "<group>"; };
		9B4F76621F4BCDF900EDDC03 /* HHOrderController.swift */ = {isa = PBXFileReference; fileEncoding = 4; lastKnownFileType = sourcecode.swift; path = HHOrderController.swift; sourceTree = "<group>"; };
		9B4F76641F4BD81000EDDC03 /* HHOrderHeadView.swift */ = {isa = PBXFileReference; fileEncoding = 4; lastKnownFileType = sourcecode.swift; path = HHOrderHeadView.swift; sourceTree = "<group>"; };
		9B4F76661F4C00DE00EDDC03 /* HHOrderCell.swift */ = {isa = PBXFileReference; fileEncoding = 4; lastKnownFileType = sourcecode.swift; path = HHOrderCell.swift; sourceTree = "<group>"; };
		9B4F76671F4C00DE00EDDC03 /* HHOrderCell.xib */ = {isa = PBXFileReference; fileEncoding = 4; lastKnownFileType = file.xib; path = HHOrderCell.xib; sourceTree = "<group>"; };
		9B4F766A1F4C041800EDDC03 /* HHOrderTableView.swift */ = {isa = PBXFileReference; fileEncoding = 4; lastKnownFileType = sourcecode.swift; path = HHOrderTableView.swift; sourceTree = "<group>"; };
		9B4F766C1F4C13CB00EDDC03 /* HHOrderModel.swift */ = {isa = PBXFileReference; fileEncoding = 4; lastKnownFileType = sourcecode.swift; path = HHOrderModel.swift; sourceTree = "<group>"; };
		9B6E5A461F4593EF0055746C /* HHPhotoPickManager.swift */ = {isa = PBXFileReference; fileEncoding = 4; lastKnownFileType = sourcecode.swift; path = HHPhotoPickManager.swift; sourceTree = "<group>"; };
		9B6E5A481F45E3CF0055746C /* HHLayerController.swift */ = {isa = PBXFileReference; fileEncoding = 4; lastKnownFileType = sourcecode.swift; path = HHLayerController.swift; sourceTree = "<group>"; };
		9B6E5A4A1F46ED2A0055746C /* HHPickerView.swift */ = {isa = PBXFileReference; fileEncoding = 4; lastKnownFileType = sourcecode.swift; path = HHPickerView.swift; sourceTree = "<group>"; };
		9BD560A21F31A04D0054AF8F /* HHLogInAndSignUpView.swift */ = {isa = PBXFileReference; fileEncoding = 4; lastKnownFileType = sourcecode.swift; path = HHLogInAndSignUpView.swift; sourceTree = "<group>"; };
		9BF00B231E0910E90045E4D0 /* HHTestViewController.swift */ = {isa = PBXFileReference; fileEncoding = 4; lastKnownFileType = sourcecode.swift; path = HHTestViewController.swift; sourceTree = "<group>"; };
		9BF9C4C91DF9934F0065D9F7 /* haihuilai_buyer.app */ = {isa = PBXFileReference; explicitFileType = wrapper.application; includeInIndex = 0; path = haihuilai_buyer.app; sourceTree = BUILT_PRODUCTS_DIR; };
		9BF9C4CC1DF9934F0065D9F7 /* AppDelegate.swift */ = {isa = PBXFileReference; lastKnownFileType = sourcecode.swift; path = AppDelegate.swift; sourceTree = "<group>"; };
		9BF9C4D31DF9934F0065D9F7 /* Assets.xcassets */ = {isa = PBXFileReference; lastKnownFileType = folder.assetcatalog; path = Assets.xcassets; sourceTree = "<group>"; };
		9BF9C4D61DF9934F0065D9F7 /* Base */ = {isa = PBXFileReference; lastKnownFileType = file.storyboard; name = Base; path = Base.lproj/LaunchScreen.storyboard; sourceTree = "<group>"; };
		9BF9C4D81DF9934F0065D9F7 /* Info.plist */ = {isa = PBXFileReference; lastKnownFileType = text.plist.xml; path = Info.plist; sourceTree = "<group>"; };
		9BF9C4E01DF993E00065D9F7 /* HHBaseTableViewController.swift */ = {isa = PBXFileReference; fileEncoding = 4; lastKnownFileType = sourcecode.swift; path = HHBaseTableViewController.swift; sourceTree = "<group>"; };
		9BF9C4E11DF993E00065D9F7 /* HHBaseViewController.swift */ = {isa = PBXFileReference; fileEncoding = 4; lastKnownFileType = sourcecode.swift; path = HHBaseViewController.swift; sourceTree = "<group>"; };
		9BF9C4E21DF993E00065D9F7 /* HHNavigationController.swift */ = {isa = PBXFileReference; fileEncoding = 4; lastKnownFileType = sourcecode.swift; path = HHNavigationController.swift; sourceTree = "<group>"; };
		9BF9C4E91DF993E00065D9F7 /* HHLoginController.swift */ = {isa = PBXFileReference; fileEncoding = 4; lastKnownFileType = sourcecode.swift; path = HHLoginController.swift; sourceTree = "<group>"; };
		9BFA7AD71E02DC52005D6D3F /* HeaderFile.swift */ = {isa = PBXFileReference; fileEncoding = 4; lastKnownFileType = sourcecode.swift; path = HeaderFile.swift; sourceTree = "<group>"; };
		BC6128481E1D396E3399B6D5 /* Pods-haihuilai_buyer.debug.xcconfig */ = {isa = PBXFileReference; includeInIndex = 1; lastKnownFileType = text.xcconfig; name = "Pods-haihuilai_buyer.debug.xcconfig"; path = "Pods/Target Support Files/Pods-haihuilai_buyer/Pods-haihuilai_buyer.debug.xcconfig"; sourceTree = "<group>"; };
		DDDAECBC33DF554AF2EF511B /* Pods-haihuilai_buyer.release.xcconfig */ = {isa = PBXFileReference; includeInIndex = 1; lastKnownFileType = text.xcconfig; name = "Pods-haihuilai_buyer.release.xcconfig"; path = "Pods/Target Support Files/Pods-haihuilai_buyer/Pods-haihuilai_buyer.release.xcconfig"; sourceTree = "<group>"; };
/* End PBXFileReference section */

/* Begin PBXFrameworksBuildPhase section */
		9BF9C4C61DF9934F0065D9F7 /* Frameworks */ = {
			isa = PBXFrameworksBuildPhase;
			buildActionMask = 2147483647;
			files = (
				EBB21E850E374082ACBE04B7 /* Pods_haihuilai_buyer.framework in Frameworks */,
			);
			runOnlyForDeploymentPostprocessing = 0;
		};
/* End PBXFrameworksBuildPhase section */

/* Begin PBXGroup section */
		77785482531F6B9C21157909 /* Frameworks */ = {
			isa = PBXGroup;
			children = (
				02BA5D718C7BAC88A1E4EEA5 /* Pods_haihuilai_buyer.framework */,
			);
			name = Frameworks;
			sourceTree = "<group>";
		};
		9B0BCD9E1DFF9CF80087FC35 /* Extension */ = {
			isa = PBXGroup;
			children = (
				9B0BCD9F1DFF9D4F0087FC35 /* UIButton+Extension.swift */,
				9B0BCDA11DFFA1A50087FC35 /* UILabel+Extension.swift */,
				9B0BCDA31DFFA4720087FC35 /* UIImageView+Extension.swift */,
				9B0BCDA51DFFA5EB0087FC35 /* UIBarButtonItem+Extension.swift */,
			);
			path = Extension;
			sourceTree = "<group>";
		};
		9B0BCDAF1E014A170087FC35 /* Networking */ = {
			isa = PBXGroup;
			children = (
				9B0BCDB31E014A9A0087FC35 /* HHNetworkTools.swift */,
				9B33CA111F3C50DE00461B4F /* HHNetworkClass.swift */,
			);
			name = Networking;
			sourceTree = "<group>";
		};
		9B0BCDB51E027DF10087FC35 /* ViewModel */ = {
			isa = PBXGroup;
			children = (
				9B0BCDB61E027E420087FC35 /* HHAccountViewModel.swift */,
			);
			name = ViewModel;
			path = View/ViewModel;
			sourceTree = "<group>";
		};
		9B33CA131F417B5200461B4F /* Tool */ = {
			isa = PBXGroup;
			children = (
				9B0BCDAF1E014A170087FC35 /* Networking */,
				9B33CA141F417CDB00461B4F /* HHProgressHUD.swift */,
				9B6E5A461F4593EF0055746C /* HHPhotoPickManager.swift */,
				9B6E5A4A1F46ED2A0055746C /* HHPickerView.swift */,
				9B4F764A1F4AAC1D00EDDC03 /* HHTimer.swift */,
			);
			name = Tool;
			path = Networking;
			sourceTree = "<group>";
		};
		9B4F764C1F4AD90D00EDDC03 /* Order */ = {
			isa = PBXGroup;
			children = (
				9B4F764D1F4AD90D00EDDC03 /* Controller */,
				9B4F764E1F4AD90D00EDDC03 /* Model */,
				9B4F764F1F4AD90D00EDDC03 /* View */,
			);
			path = Order;
			sourceTree = "<group>";
		};
		9B4F764D1F4AD90D00EDDC03 /* Controller */ = {
			isa = PBXGroup;
			children = (
				9B4F76621F4BCDF900EDDC03 /* HHOrderController.swift */,
			);
			path = Controller;
			sourceTree = "<group>";
		};
		9B4F764E1F4AD90D00EDDC03 /* Model */ = {
			isa = PBXGroup;
			children = (
				9B4F766C1F4C13CB00EDDC03 /* HHOrderModel.swift */,
			);
			path = Model;
			sourceTree = "<group>";
		};
		9B4F764F1F4AD90D00EDDC03 /* View */ = {
			isa = PBXGroup;
			children = (
				9B4F76641F4BD81000EDDC03 /* HHOrderHeadView.swift */,
				9B4F766A1F4C041800EDDC03 /* HHOrderTableView.swift */,
				9B4F76661F4C00DE00EDDC03 /* HHOrderCell.swift */,
				9B4F76671F4C00DE00EDDC03 /* HHOrderCell.xib */,
			);
			path = View;
			sourceTree = "<group>";
		};
		9B4F76501F4BC61A00EDDC03 /* Home */ = {
			isa = PBXGroup;
			children = (
				9B4F76511F4BC61A00EDDC03 /* Controller */,
				9B4F76521F4BC61A00EDDC03 /* Model */,
				9B4F76531F4BC61A00EDDC03 /* View */,
			);
			path = Home;
			sourceTree = "<group>";
		};
		9B4F76511F4BC61A00EDDC03 /* Controller */ = {
			isa = PBXGroup;
			children = (
			);
			path = Controller;
			sourceTree = "<group>";
		};
		9B4F76521F4BC61A00EDDC03 /* Model */ = {
			isa = PBXGroup;
			children = (
			);
			path = Model;
			sourceTree = "<group>";
		};
		9B4F76531F4BC61A00EDDC03 /* View */ = {
			isa = PBXGroup;
			children = (
			);
			path = View;
			sourceTree = "<group>";
		};
		9B4F76541F4BC61A00EDDC03 /* Individual */ = {
			isa = PBXGroup;
			children = (
				9B4F76551F4BC61A00EDDC03 /* Controller */,
				9B4F76561F4BC61A00EDDC03 /* Model */,
				9B4F76571F4BC61A00EDDC03 /* View */,
			);
			path = Individual;
			sourceTree = "<group>";
		};
		9B4F76551F4BC61A00EDDC03 /* Controller */ = {
			isa = PBXGroup;
			children = (
			);
			path = Controller;
			sourceTree = "<group>";
		};
		9B4F76561F4BC61A00EDDC03 /* Model */ = {
			isa = PBXGroup;
			children = (
			);
			path = Model;
			sourceTree = "<group>";
		};
		9B4F76571F4BC61A00EDDC03 /* View */ = {
			isa = PBXGroup;
			children = (
			);
			path = View;
			sourceTree = "<group>";
		};
		9B4F76581F4BC67E00EDDC03 /* Motorcade */ = {
			isa = PBXGroup;
			children = (
				9B4F76591F4BC67E00EDDC03 /* Controller */,
				9B4F765A1F4BC67E00EDDC03 /* Model */,
				9B4F765B1F4BC67E00EDDC03 /* View */,
			);
			path = Motorcade;
			sourceTree = "<group>";
		};
		9B4F76591F4BC67E00EDDC03 /* Controller */ = {
			isa = PBXGroup;
			children = (
			);
			path = Controller;
			sourceTree = "<group>";
		};
		9B4F765A1F4BC67E00EDDC03 /* Model */ = {
			isa = PBXGroup;
			children = (
			);
			path = Model;
			sourceTree = "<group>";
		};
		9B4F765B1F4BC67E00EDDC03 /* View */ = {
			isa = PBXGroup;
			children = (
			);
			path = View;
			sourceTree = "<group>";
		};
		9B4F765C1F4BC68700EDDC03 /* Calendar */ = {
			isa = PBXGroup;
			children = (
				9B4F765D1F4BC68700EDDC03 /* Controller */,
				9B4F765E1F4BC68700EDDC03 /* Model */,
				9B4F765F1F4BC68700EDDC03 /* View */,
			);
			path = Calendar;
			sourceTree = "<group>";
		};
		9B4F765D1F4BC68700EDDC03 /* Controller */ = {
			isa = PBXGroup;
			children = (
			);
			path = Controller;
			sourceTree = "<group>";
		};
		9B4F765E1F4BC68700EDDC03 /* Model */ = {
			isa = PBXGroup;
			children = (
			);
			path = Model;
			sourceTree = "<group>";
		};
		9B4F765F1F4BC68700EDDC03 /* View */ = {
			isa = PBXGroup;
			children = (
			);
			path = View;
			sourceTree = "<group>";
		};
		9BF9C4C01DF9934F0065D9F7 = {
			isa = PBXGroup;
			children = (
				9BF9C4CB1DF9934F0065D9F7 /* haihuilai_buyer */,
				9BF9C4CA1DF9934F0065D9F7 /* Products */,
				D444B466CF4E88DEED960C9F /* Pods */,
				77785482531F6B9C21157909 /* Frameworks */,
			);
			sourceTree = "<group>";
		};
		9BF9C4CA1DF9934F0065D9F7 /* Products */ = {
			isa = PBXGroup;
			children = (
				9BF9C4C91DF9934F0065D9F7 /* haihuilai_buyer.app */,
			);
			name = Products;
			sourceTree = "<group>";
		};
		9BF9C4CB1DF9934F0065D9F7 /* haihuilai_buyer */ = {
			isa = PBXGroup;
			children = (
				9BF9C4CC1DF9934F0065D9F7 /* AppDelegate.swift */,
				9BF9C4D31DF9934F0065D9F7 /* Assets.xcassets */,
				9BF9C4D51DF9934F0065D9F7 /* LaunchScreen.storyboard */,
				9BF9C4D81DF9934F0065D9F7 /* Info.plist */,
				9B0BCDAB1E0024380087FC35 /* haihuilai_buyer-Bridging-Header.h */,
				9BF9C4DE1DF993E00065D9F7 /* class */,
			);
			path = haihuilai_buyer;
			sourceTree = "<group>";
		};
		9BF9C4DE1DF993E00065D9F7 /* class */ = {
			isa = PBXGroup;
			children = (
				9BF9C4DF1DF993E00065D9F7 /* Common */,
				9BF9C4E71DF993E00065D9F7 /* LoginAndSignUp */,
				9B4F764C1F4AD90D00EDDC03 /* Order */,
				9B4F765C1F4BC68700EDDC03 /* Calendar */,
				9B4F76581F4BC67E00EDDC03 /* Motorcade */,
				9B4F76501F4BC61A00EDDC03 /* Home */,
				9B4F76541F4BC61A00EDDC03 /* Individual */,
			);
			path = class;
			sourceTree = "<group>";
		};
		9BF9C4DF1DF993E00065D9F7 /* Common */ = {
			isa = PBXGroup;
			children = (
				9BFA7AD71E02DC52005D6D3F /* HeaderFile.swift */,
				9B0BCDA91DFFD3FB0087FC35 /* HHCommon.swift */,
				9B33CA051F3B054A00461B4F /* HHLoadNibDelegate.swift */,
				9BF9C4E21DF993E00065D9F7 /* HHNavigationController.swift */,
				9BF9C4E01DF993E00065D9F7 /* HHBaseTableViewController.swift */,
				9BF9C4E11DF993E00065D9F7 /* HHBaseViewController.swift */,
				9B4F76601F4BCDB700EDDC03 /* HHBaseScrollViewController.swift */,
				9B33CA131F417B5200461B4F /* Tool */,
				9B0BCD9E1DFF9CF80087FC35 /* Extension */,
			);
			path = Common;
			sourceTree = "<group>";
		};
		9BF9C4E71DF993E00065D9F7 /* LoginAndSignUp */ = {
			isa = PBXGroup;
			children = (
				9BF9C4E81DF993E00065D9F7 /* Controller */,
				9BF9C4EA1DF993E00065D9F7 /* Model */,
				9B0BCDB51E027DF10087FC35 /* ViewModel */,
				9BF9C4EB1DF993E00065D9F7 /* View */,
			);
			path = LoginAndSignUp;
			sourceTree = "<group>";
		};
		9BF9C4E81DF993E00065D9F7 /* Controller */ = {
			isa = PBXGroup;
			children = (
				9BF9C4E91DF993E00065D9F7 /* HHLoginController.swift */,
				9B33CA071F3C41D300461B4F /* HHChoiceCuntryController.swift */,
				9BF00B231E0910E90045E4D0 /* HHTestViewController.swift */,
				28AADEC41F455B420024D4E3 /* HHRegistProtocolController.swift */,
				28AADEC61F455B8C0024D4E3 /* HHChioceRoleController.swift */,
				9B6E5A481F45E3CF0055746C /* HHLayerController.swift */,
			);
			path = Controller;
			sourceTree = "<group>";
		};
		9BF9C4EA1DF993E00065D9F7 /* Model */ = {
			isa = PBXGroup;
			children = (
				9B0BCDB81E027FAF0087FC35 /* HHAccountModel.swift */,
				9B33CA0D1F3C449A00461B4F /* HHChoiceCountryModel.swift */,
				9B33CA0F1F3C4C1700461B4F /* HHChoiceModel.swift */,
			);
			path = Model;
			sourceTree = "<group>";
		};
		9BF9C4EB1DF993E00065D9F7 /* View */ = {
			isa = PBXGroup;
			children = (
				9BD560A21F31A04D0054AF8F /* HHLogInAndSignUpView.swift */,
				9B33CA011F3AEC5B00461B4F /* HHLogInView.swift */,
				9B33CA031F3AED8600461B4F /* HHLogInView.xib */,
				9B33CA091F3C432500461B4F /* HHChoiceCountryCell.swift */,
				9B33CA0A1F3C432500461B4F /* HHChoiceCountryCell.xib */,
				28AADECC1F456FDA0024D4E3 /* HHChoiceView.swift */,
			);
			path = View;
			sourceTree = "<group>";
		};
		D444B466CF4E88DEED960C9F /* Pods */ = {
			isa = PBXGroup;
			children = (
				BC6128481E1D396E3399B6D5 /* Pods-haihuilai_buyer.debug.xcconfig */,
				DDDAECBC33DF554AF2EF511B /* Pods-haihuilai_buyer.release.xcconfig */,
			);
			name = Pods;
			sourceTree = "<group>";
		};
/* End PBXGroup section */

/* Begin PBXNativeTarget section */
		9BF9C4C81DF9934F0065D9F7 /* haihuilai_buyer */ = {
			isa = PBXNativeTarget;
			buildConfigurationList = 9BF9C4DB1DF9934F0065D9F7 /* Build configuration list for PBXNativeTarget "haihuilai_buyer" */;
			buildPhases = (
				D5E704CF8820C13380B45543 /* [CP] Check Pods Manifest.lock */,
				9BF9C4C51DF9934F0065D9F7 /* Sources */,
				9BF9C4C61DF9934F0065D9F7 /* Frameworks */,
				9BF9C4C71DF9934F0065D9F7 /* Resources */,
				A44E1548FBB83B4DB159C20E /* [CP] Embed Pods Frameworks */,
				9B82F73F81A60B289E62D692 /* [CP] Copy Pods Resources */,
			);
			buildRules = (
			);
			dependencies = (
			);
			name = haihuilai_buyer;
			productName = haihuilai_buyer;
			productReference = 9BF9C4C91DF9934F0065D9F7 /* haihuilai_buyer.app */;
			productType = "com.apple.product-type.application";
		};
/* End PBXNativeTarget section */

/* Begin PBXProject section */
		9BF9C4C11DF9934F0065D9F7 /* Project object */ = {
			isa = PBXProject;
			attributes = {
				CLASSPREFIX = HH;
				LastSwiftUpdateCheck = 0810;
				LastUpgradeCheck = 0820;
				ORGANIZATIONNAME = haihuilai;
				TargetAttributes = {
					9BF9C4C81DF9934F0065D9F7 = {
						CreatedOnToolsVersion = 8.1;
						DevelopmentTeam = 4GL3X7VCT2;
						LastSwiftMigration = 0810;
						ProvisioningStyle = Automatic;
					};
				};
			};
			buildConfigurationList = 9BF9C4C41DF9934F0065D9F7 /* Build configuration list for PBXProject "haihuilai_buyer" */;
			compatibilityVersion = "Xcode 3.2";
			developmentRegion = English;
			hasScannedForEncodings = 0;
			knownRegions = (
				en,
				Base,
			);
			mainGroup = 9BF9C4C01DF9934F0065D9F7;
			productRefGroup = 9BF9C4CA1DF9934F0065D9F7 /* Products */;
			projectDirPath = "";
			projectRoot = "";
			targets = (
				9BF9C4C81DF9934F0065D9F7 /* haihuilai_buyer */,
			);
		};
/* End PBXProject section */

/* Begin PBXResourcesBuildPhase section */
		9BF9C4C71DF9934F0065D9F7 /* Resources */ = {
			isa = PBXResourcesBuildPhase;
			buildActionMask = 2147483647;
			files = (
				9B4F76691F4C00DE00EDDC03 /* HHOrderCell.xib in Resources */,
				9B33CA041F3AED8600461B4F /* HHLogInView.xib in Resources */,
				9BF9C4D71DF9934F0065D9F7 /* LaunchScreen.storyboard in Resources */,
				9BF9C4D41DF9934F0065D9F7 /* Assets.xcassets in Resources */,
				9B33CA0C1F3C432500461B4F /* HHChoiceCountryCell.xib in Resources */,
			);
			runOnlyForDeploymentPostprocessing = 0;
		};
/* End PBXResourcesBuildPhase section */

/* Begin PBXShellScriptBuildPhase section */
		9B82F73F81A60B289E62D692 /* [CP] Copy Pods Resources */ = {
			isa = PBXShellScriptBuildPhase;
			buildActionMask = 2147483647;
			files = (
			);
			inputPaths = (
			);
			name = "[CP] Copy Pods Resources";
			outputPaths = (
			);
			runOnlyForDeploymentPostprocessing = 0;
			shellPath = /bin/sh;
			shellScript = "\"${SRCROOT}/Pods/Target Support Files/Pods-haihuilai_buyer/Pods-haihuilai_buyer-resources.sh\"\n";
			showEnvVarsInLog = 0;
		};
		A44E1548FBB83B4DB159C20E /* [CP] Embed Pods Frameworks */ = {
			isa = PBXShellScriptBuildPhase;
			buildActionMask = 2147483647;
			files = (
			);
			inputPaths = (
			);
			name = "[CP] Embed Pods Frameworks";
			outputPaths = (
			);
			runOnlyForDeploymentPostprocessing = 0;
			shellPath = /bin/sh;
			shellScript = "\"${SRCROOT}/Pods/Target Support Files/Pods-haihuilai_buyer/Pods-haihuilai_buyer-frameworks.sh\"\n";
			showEnvVarsInLog = 0;
		};
		D5E704CF8820C13380B45543 /* [CP] Check Pods Manifest.lock */ = {
			isa = PBXShellScriptBuildPhase;
			buildActionMask = 2147483647;
			files = (
			);
			inputPaths = (
			);
			name = "[CP] Check Pods Manifest.lock";
			outputPaths = (
			);
			runOnlyForDeploymentPostprocessing = 0;
			shellPath = /bin/sh;
			shellScript = "diff \"${PODS_ROOT}/../Podfile.lock\" \"${PODS_ROOT}/Manifest.lock\" > /dev/null\nif [ $? != 0 ] ; then\n    # print error to STDERR\n    echo \"error: The sandbox is not in sync with the Podfile.lock. Run 'pod install' or update your CocoaPods installation.\" >&2\n    exit 1\nfi\n";
			showEnvVarsInLog = 0;
		};
/* End PBXShellScriptBuildPhase section */

/* Begin PBXSourcesBuildPhase section */
		9BF9C4C51DF9934F0065D9F7 /* Sources */ = {
			isa = PBXSourcesBuildPhase;
			buildActionMask = 2147483647;
			files = (
				9B6E5A471F4593EF0055746C /* HHPhotoPickManager.swift in Sources */,
				9B4F76681F4C00DE00EDDC03 /* HHOrderCell.swift in Sources */,
				9BD560A31F31A04D0054AF8F /* HHLogInAndSignUpView.swift in Sources */,
				9B0BCDB71E027E420087FC35 /* HHAccountViewModel.swift in Sources */,
				9B4F76631F4BCDF900EDDC03 /* HHOrderController.swift in Sources */,
				9BF9C4F41DF993E00065D9F7 /* HHLoginController.swift in Sources */,
				9BF9C4F11DF993E00065D9F7 /* HHBaseTableViewController.swift in Sources */,
				9B33CA121F3C50DE00461B4F /* HHNetworkClass.swift in Sources */,
				9B4F766B1F4C041800EDDC03 /* HHOrderTableView.swift in Sources */,
				9B0BCDA41DFFA4720087FC35 /* UIImageView+Extension.swift in Sources */,
				9B33CA0E1F3C449A00461B4F /* HHChoiceCountryModel.swift in Sources */,
				9B4F76611F4BCDB700EDDC03 /* HHBaseScrollViewController.swift in Sources */,
				9B33CA021F3AEC5B00461B4F /* HHLogInView.swift in Sources */,
				9BF9C4CD1DF9934F0065D9F7 /* AppDelegate.swift in Sources */,
				9B33CA0B1F3C432500461B4F /* HHChoiceCountryCell.swift in Sources */,
				9B0BCDB41E014A9A0087FC35 /* HHNetworkTools.swift in Sources */,
				9BFA7AD81E02DC52005D6D3F /* HeaderFile.swift in Sources */,
				9B33CA151F417CDB00461B4F /* HHProgressHUD.swift in Sources */,
				9B0BCDA21DFFA1A50087FC35 /* UILabel+Extension.swift in Sources */,
				9BF9C4F21DF993E00065D9F7 /* HHBaseViewController.swift in Sources */,
				9B6E5A4B1F46ED2A0055746C /* HHPickerView.swift in Sources */,
				9B0BCDB91E027FAF0087FC35 /* HHAccountModel.swift in Sources */,
				9B6E5A491F45E3CF0055746C /* HHLayerController.swift in Sources */,
				9B4F76651F4BD81000EDDC03 /* HHOrderHeadView.swift in Sources */,
				9B0BCDAA1DFFD3FB0087FC35 /* HHCommon.swift in Sources */,
				9BF9C4F31DF993E00065D9F7 /* HHNavigationController.swift in Sources */,
				9B33CA081F3C41D300461B4F /* HHChoiceCuntryController.swift in Sources */,
				9B0BCDA61DFFA5EB0087FC35 /* UIBarButtonItem+Extension.swift in Sources */,
				28AADECD1F456FDA0024D4E3 /* HHChoiceView.swift in Sources */,
				9B4F764B1F4AAC1D00EDDC03 /* HHTimer.swift in Sources */,
				28AADEC71F455B8C0024D4E3 /* HHChioceRoleController.swift in Sources */,
				28AADEC51F455B420024D4E3 /* HHRegistProtocolController.swift in Sources */,
				9B33CA061F3B054A00461B4F /* HHLoadNibDelegate.swift in Sources */,
				9B4F766D1F4C13CB00EDDC03 /* HHOrderModel.swift in Sources */,
				9BF00B241E0910E90045E4D0 /* HHTestViewController.swift in Sources */,
				9B33CA101F3C4C1700461B4F /* HHChoiceModel.swift in Sources */,
				9B0BCDA01DFF9D4F0087FC35 /* UIButton+Extension.swift in Sources */,
			);
			runOnlyForDeploymentPostprocessing = 0;
		};
/* End PBXSourcesBuildPhase section */

/* Begin PBXVariantGroup section */
		9BF9C4D51DF9934F0065D9F7 /* LaunchScreen.storyboard */ = {
			isa = PBXVariantGroup;
			children = (
				9BF9C4D61DF9934F0065D9F7 /* Base */,
			);
			name = LaunchScreen.storyboard;
			sourceTree = "<group>";
		};
/* End PBXVariantGroup section */

/* Begin XCBuildConfiguration section */
		9BF9C4D91DF9934F0065D9F7 /* Debug */ = {
			isa = XCBuildConfiguration;
			buildSettings = {
				ALWAYS_SEARCH_USER_PATHS = NO;
				CLANG_ANALYZER_NONNULL = YES;
				CLANG_CXX_LANGUAGE_STANDARD = "gnu++0x";
				CLANG_CXX_LIBRARY = "libc++";
				CLANG_ENABLE_MODULES = YES;
				CLANG_ENABLE_OBJC_ARC = YES;
				CLANG_WARN_BOOL_CONVERSION = YES;
				CLANG_WARN_CONSTANT_CONVERSION = YES;
				CLANG_WARN_DIRECT_OBJC_ISA_USAGE = YES_ERROR;
				CLANG_WARN_DOCUMENTATION_COMMENTS = YES;
				CLANG_WARN_EMPTY_BODY = YES;
				CLANG_WARN_ENUM_CONVERSION = YES;
				CLANG_WARN_INFINITE_RECURSION = YES;
				CLANG_WARN_INT_CONVERSION = YES;
				CLANG_WARN_OBJC_ROOT_CLASS = YES_ERROR;
				CLANG_WARN_SUSPICIOUS_MOVE = YES;
				CLANG_WARN_SUSPICIOUS_MOVES = YES;
				CLANG_WARN_UNREACHABLE_CODE = YES;
				CLANG_WARN__DUPLICATE_METHOD_MATCH = YES;
				"CODE_SIGN_IDENTITY[sdk=iphoneos*]" = "iPhone Developer";
				COPY_PHASE_STRIP = NO;
				DEBUG_INFORMATION_FORMAT = dwarf;
				ENABLE_STRICT_OBJC_MSGSEND = YES;
				ENABLE_TESTABILITY = YES;
				GCC_C_LANGUAGE_STANDARD = gnu99;
				GCC_DYNAMIC_NO_PIC = NO;
				GCC_NO_COMMON_BLOCKS = YES;
				GCC_OPTIMIZATION_LEVEL = 0;
				GCC_PREPROCESSOR_DEFINITIONS = (
					"DEBUG=1",
					"$(inherited)",
				);
				GCC_WARN_64_TO_32_BIT_CONVERSION = YES;
				GCC_WARN_ABOUT_RETURN_TYPE = YES_ERROR;
				GCC_WARN_UNDECLARED_SELECTOR = YES;
				GCC_WARN_UNINITIALIZED_AUTOS = YES_AGGRESSIVE;
				GCC_WARN_UNUSED_FUNCTION = YES;
				GCC_WARN_UNUSED_VARIABLE = YES;
				IPHONEOS_DEPLOYMENT_TARGET = 10.1;
				MTL_ENABLE_DEBUG_INFO = YES;
				ONLY_ACTIVE_ARCH = YES;
				SDKROOT = iphoneos;
				SWIFT_ACTIVE_COMPILATION_CONDITIONS = DEBUG;
				SWIFT_OPTIMIZATION_LEVEL = "-Onone";
				TARGETED_DEVICE_FAMILY = "1,2";
			};
			name = Debug;
		};
		9BF9C4DA1DF9934F0065D9F7 /* Release */ = {
			isa = XCBuildConfiguration;
			buildSettings = {
				ALWAYS_SEARCH_USER_PATHS = NO;
				CLANG_ANALYZER_NONNULL = YES;
				CLANG_CXX_LANGUAGE_STANDARD = "gnu++0x";
				CLANG_CXX_LIBRARY = "libc++";
				CLANG_ENABLE_MODULES = YES;
				CLANG_ENABLE_OBJC_ARC = YES;
				CLANG_WARN_BOOL_CONVERSION = YES;
				CLANG_WARN_CONSTANT_CONVERSION = YES;
				CLANG_WARN_DIRECT_OBJC_ISA_USAGE = YES_ERROR;
				CLANG_WARN_DOCUMENTATION_COMMENTS = YES;
				CLANG_WARN_EMPTY_BODY = YES;
				CLANG_WARN_ENUM_CONVERSION = YES;
				CLANG_WARN_INFINITE_RECURSION = YES;
				CLANG_WARN_INT_CONVERSION = YES;
				CLANG_WARN_OBJC_ROOT_CLASS = YES_ERROR;
				CLANG_WARN_SUSPICIOUS_MOVE = YES;
				CLANG_WARN_SUSPICIOUS_MOVES = YES;
				CLANG_WARN_UNREACHABLE_CODE = YES;
				CLANG_WARN__DUPLICATE_METHOD_MATCH = YES;
				"CODE_SIGN_IDENTITY[sdk=iphoneos*]" = "iPhone Developer";
				COPY_PHASE_STRIP = NO;
				DEBUG_INFORMATION_FORMAT = "dwarf-with-dsym";
				ENABLE_NS_ASSERTIONS = NO;
				ENABLE_STRICT_OBJC_MSGSEND = YES;
				GCC_C_LANGUAGE_STANDARD = gnu99;
				GCC_NO_COMMON_BLOCKS = YES;
				GCC_WARN_64_TO_32_BIT_CONVERSION = YES;
				GCC_WARN_ABOUT_RETURN_TYPE = YES_ERROR;
				GCC_WARN_UNDECLARED_SELECTOR = YES;
				GCC_WARN_UNINITIALIZED_AUTOS = YES_AGGRESSIVE;
				GCC_WARN_UNUSED_FUNCTION = YES;
				GCC_WARN_UNUSED_VARIABLE = YES;
				IPHONEOS_DEPLOYMENT_TARGET = 10.1;
				MTL_ENABLE_DEBUG_INFO = NO;
				SDKROOT = iphoneos;
				SWIFT_OPTIMIZATION_LEVEL = "-Owholemodule";
				TARGETED_DEVICE_FAMILY = "1,2";
				VALIDATE_PRODUCT = YES;
			};
			name = Release;
		};
		9BF9C4DC1DF9934F0065D9F7 /* Debug */ = {
			isa = XCBuildConfiguration;
			baseConfigurationReference = BC6128481E1D396E3399B6D5 /* Pods-haihuilai_buyer.debug.xcconfig */;
			buildSettings = {
				ASSETCATALOG_COMPILER_APPICON_NAME = AppIcon;
				ASSETCATALOG_COMPILER_LAUNCHIMAGE_NAME = LaunchImage;
				CLANG_ENABLE_MODULES = YES;
				"CODE_SIGN_IDENTITY[sdk=iphoneos*]" = "iPhone Developer";
				DEVELOPMENT_TEAM = 4GL3X7VCT2;
				INFOPLIST_FILE = haihuilai_buyer/Info.plist;
				IPHONEOS_DEPLOYMENT_TARGET = 8.0;
				LD_RUNPATH_SEARCH_PATHS = "$(inherited) @executable_path/Frameworks";
				PRODUCT_BUNDLE_IDENTIFIER = com.haihuilai.driverforabroad11;
				PRODUCT_NAME = "$(TARGET_NAME)";
				SWIFT_OBJC_BRIDGING_HEADER = "$(PROJECT_DIR)/haihuilai_buyer/class/Common/haihuilai_buyer-Bridging-Header.h";
				SWIFT_OPTIMIZATION_LEVEL = "-Onone";
				SWIFT_VERSION = 3.0;
				TARGETED_DEVICE_FAMILY = 1;
			};
			name = Debug;
		};
		9BF9C4DD1DF9934F0065D9F7 /* Release */ = {
			isa = XCBuildConfiguration;
			baseConfigurationReference = DDDAECBC33DF554AF2EF511B /* Pods-haihuilai_buyer.release.xcconfig */;
			buildSettings = {
				ASSETCATALOG_COMPILER_APPICON_NAME = AppIcon;
				ASSETCATALOG_COMPILER_LAUNCHIMAGE_NAME = LaunchImage;
				CLANG_ENABLE_MODULES = YES;
				"CODE_SIGN_IDENTITY[sdk=iphoneos*]" = "iPhone Developer";
				DEVELOPMENT_TEAM = 4GL3X7VCT2;
				INFOPLIST_FILE = haihuilai_buyer/Info.plist;
				IPHONEOS_DEPLOYMENT_TARGET = 8.0;
				LD_RUNPATH_SEARCH_PATHS = "$(inherited) @executable_path/Frameworks";
				PRODUCT_BUNDLE_IDENTIFIER = com.haihuilai.driverforabroad11;
				PRODUCT_NAME = "$(TARGET_NAME)";
				SWIFT_OBJC_BRIDGING_HEADER = "$(PROJECT_DIR)/haihuilai_buyer/class/Common/haihuilai_buyer-Bridging-Header.h";
				SWIFT_VERSION = 3.0;
				TARGETED_DEVICE_FAMILY = 1;
			};
			name = Release;
		};
/* End XCBuildConfiguration section */

/* Begin XCConfigurationList section */
		9BF9C4C41DF9934F0065D9F7 /* Build configuration list for PBXProject "haihuilai_buyer" */ = {
			isa = XCConfigurationList;
			buildConfigurations = (
				9BF9C4D91DF9934F0065D9F7 /* Debug */,
				9BF9C4DA1DF9934F0065D9F7 /* Release */,
			);
			defaultConfigurationIsVisible = 0;
			defaultConfigurationName = Release;
		};
		9BF9C4DB1DF9934F0065D9F7 /* Build configuration list for PBXNativeTarget "haihuilai_buyer" */ = {
			isa = XCConfigurationList;
			buildConfigurations = (
				9BF9C4DC1DF9934F0065D9F7 /* Debug */,
				9BF9C4DD1DF9934F0065D9F7 /* Release */,
			);
			defaultConfigurationIsVisible = 0;
			defaultConfigurationName = Release;
		};
/* End XCConfigurationList section */
	};
	rootObject = 9BF9C4C11DF9934F0065D9F7 /* Project object */;
}
