// !$*UTF8*$!
{
	archiveVersion = 1;
	classes = {
	};
	objectVersion = 46;
	objects = {

/* Begin PBXBuildFile section */
		28AADEC51F455B420024D4E3 /* HHRegistProtocolController.swift in Sources */ = {isa = PBXBuildFile; fileRef = 28AADEC41F455B420024D4E3 /* HHRegistProtocolController.swift */; };
		28AADEC71F455B8C0024D4E3 /* HHChioceRoleController.swift in Sources */ = {isa = PBXBuildFile; fileRef = 28AADEC61F455B8C0024D4E3 /* HHChioceRoleController.swift */; };
		28AADECD1F456FDA0024D4E3 /* HHChoiceView.swift in Sources */ = {isa = PBXBuildFile; fileRef = 28AADECC1F456FDA0024D4E3 /* HHChoiceView.swift */; };
		9B06B1B01F6904D900EF5CB4 /* HHAddressBook.swift in Sources */ = {isa = PBXBuildFile; fileRef = 9B06B1AF1F6904D900EF5CB4 /* HHAddressBook.swift */; };
		9B06B1B21F691FDA00EF5CB4 /* HHInviteModel.swift in Sources */ = {isa = PBXBuildFile; fileRef = 9B06B1B11F691FDA00EF5CB4 /* HHInviteModel.swift */; };
		9B06B1B41F6A20B000EF5CB4 /* HHIndexView.swift in Sources */ = {isa = PBXBuildFile; fileRef = 9B06B1B31F6A20B000EF5CB4 /* HHIndexView.swift */; };
		9B06B1B61F6A75FB00EF5CB4 /* HHSignUpController.swift in Sources */ = {isa = PBXBuildFile; fileRef = 9B06B1B51F6A75FB00EF5CB4 /* HHSignUpController.swift */; };
		9B06B1C11F6A7D3200EF5CB4 /* UIBarButtonItem+Category.swift in Sources */ = {isa = PBXBuildFile; fileRef = 9B06B1BC1F6A7D3200EF5CB4 /* UIBarButtonItem+Category.swift */; };
		9B06B1C21F6A7D3200EF5CB4 /* UIButton+Category.swift in Sources */ = {isa = PBXBuildFile; fileRef = 9B06B1BD1F6A7D3200EF5CB4 /* UIButton+Category.swift */; };
		9B06B1C31F6A7D3200EF5CB4 /* UIImageView+Category.swift in Sources */ = {isa = PBXBuildFile; fileRef = 9B06B1BE1F6A7D3200EF5CB4 /* UIImageView+Category.swift */; };
		9B06B1C41F6A7D3200EF5CB4 /* UILabel+Category.swift in Sources */ = {isa = PBXBuildFile; fileRef = 9B06B1BF1F6A7D3200EF5CB4 /* UILabel+Category.swift */; };
		9B06B1C51F6A7D3200EF5CB4 /* UITextField+Category.swift in Sources */ = {isa = PBXBuildFile; fileRef = 9B06B1C01F6A7D3200EF5CB4 /* UITextField+Category.swift */; };
		9B0BCDAA1DFFD3FB0087FC35 /* HHCommon.swift in Sources */ = {isa = PBXBuildFile; fileRef = 9B0BCDA91DFFD3FB0087FC35 /* HHCommon.swift */; };
		9B0BCDB41E014A9A0087FC35 /* HHNetworkTools.swift in Sources */ = {isa = PBXBuildFile; fileRef = 9B0BCDB31E014A9A0087FC35 /* HHNetworkTools.swift */; };
		9B0BCDB71E027E420087FC35 /* HHAccountViewModel.swift in Sources */ = {isa = PBXBuildFile; fileRef = 9B0BCDB61E027E420087FC35 /* HHAccountViewModel.swift */; };
		9B0BCDB91E027FAF0087FC35 /* HHAccountModel.swift in Sources */ = {isa = PBXBuildFile; fileRef = 9B0BCDB81E027FAF0087FC35 /* HHAccountModel.swift */; };
		9B10467C1F74F0730037C3EC /* HHDetailPictureController.swift in Sources */ = {isa = PBXBuildFile; fileRef = 9B10467B1F74F0730037C3EC /* HHDetailPictureController.swift */; };
		9B10467E1F74F1B30037C3EC /* HHImageViewCell.swift in Sources */ = {isa = PBXBuildFile; fileRef = 9B10467D1F74F1B30037C3EC /* HHImageViewCell.swift */; };
		9B2E35E41F4E7865008E7BAC /* HHbaseBarController.swift in Sources */ = {isa = PBXBuildFile; fileRef = 9B2E35E31F4E7865008E7BAC /* HHbaseBarController.swift */; };
		9B2E35E61F4E7D48008E7BAC /* HHMotorcadeController.swift in Sources */ = {isa = PBXBuildFile; fileRef = 9B2E35E51F4E7D48008E7BAC /* HHMotorcadeController.swift */; };
		9B2E35E81F4E7D91008E7BAC /* HHCalendarController.swift in Sources */ = {isa = PBXBuildFile; fileRef = 9B2E35E71F4E7D91008E7BAC /* HHCalendarController.swift */; };
		9B2E35EA1F4E7E03008E7BAC /* HHHomeController.swift in Sources */ = {isa = PBXBuildFile; fileRef = 9B2E35E91F4E7E03008E7BAC /* HHHomeController.swift */; };
		9B2E35EC1F4E7E2E008E7BAC /* HHIndividualController.swift in Sources */ = {isa = PBXBuildFile; fileRef = 9B2E35EB1F4E7E2E008E7BAC /* HHIndividualController.swift */; };
		9B33CA021F3AEC5B00461B4F /* HHLogInView.swift in Sources */ = {isa = PBXBuildFile; fileRef = 9B33CA011F3AEC5B00461B4F /* HHLogInView.swift */; };
		9B33CA041F3AED8600461B4F /* HHLogInView.xib in Resources */ = {isa = PBXBuildFile; fileRef = 9B33CA031F3AED8600461B4F /* HHLogInView.xib */; };
		9B33CA061F3B054A00461B4F /* HHLoadNibDelegate.swift in Sources */ = {isa = PBXBuildFile; fileRef = 9B33CA051F3B054A00461B4F /* HHLoadNibDelegate.swift */; };
		9B33CA081F3C41D300461B4F /* HHChoiceCuntryController.swift in Sources */ = {isa = PBXBuildFile; fileRef = 9B33CA071F3C41D300461B4F /* HHChoiceCuntryController.swift */; };
		9B33CA0B1F3C432500461B4F /* HHChoiceCountryCell.swift in Sources */ = {isa = PBXBuildFile; fileRef = 9B33CA091F3C432500461B4F /* HHChoiceCountryCell.swift */; };
		9B33CA0C1F3C432500461B4F /* HHChoiceCountryCell.xib in Resources */ = {isa = PBXBuildFile; fileRef = 9B33CA0A1F3C432500461B4F /* HHChoiceCountryCell.xib */; };
		9B33CA0E1F3C449A00461B4F /* HHChoiceCountryModel.swift in Sources */ = {isa = PBXBuildFile; fileRef = 9B33CA0D1F3C449A00461B4F /* HHChoiceCountryModel.swift */; };
		9B33CA101F3C4C1700461B4F /* HHChoiceModel.swift in Sources */ = {isa = PBXBuildFile; fileRef = 9B33CA0F1F3C4C1700461B4F /* HHChoiceModel.swift */; };
		9B33CA121F3C50DE00461B4F /* HHNetworkClass.swift in Sources */ = {isa = PBXBuildFile; fileRef = 9B33CA111F3C50DE00461B4F /* HHNetworkClass.swift */; };
		9B33CA151F417CDB00461B4F /* HHProgressHUD.swift in Sources */ = {isa = PBXBuildFile; fileRef = 9B33CA141F417CDB00461B4F /* HHProgressHUD.swift */; };
		9B37B3A91F6F762D00B8689A /* HHDetailInfoController.swift in Sources */ = {isa = PBXBuildFile; fileRef = 9B37B3A81F6F762D00B8689A /* HHDetailInfoController.swift */; };
		9B37B3AB1F6F773B00B8689A /* HHDetailInfoCell.swift in Sources */ = {isa = PBXBuildFile; fileRef = 9B37B3AA1F6F773B00B8689A /* HHDetailInfoCell.swift */; };
		9B37B3AD1F6FA8F200B8689A /* HHNextOrdelegateCell.swift in Sources */ = {isa = PBXBuildFile; fileRef = 9B37B3AC1F6FA8F200B8689A /* HHNextOrdelegateCell.swift */; };
		9B37B3AF1F6FC29800B8689A /* HHDetailInfoTwoCell.swift in Sources */ = {isa = PBXBuildFile; fileRef = 9B37B3AE1F6FC29800B8689A /* HHDetailInfoTwoCell.swift */; };
		9B37B3B11F70FBFC00B8689A /* HHAdvertisementController.swift in Sources */ = {isa = PBXBuildFile; fileRef = 9B37B3B01F70FBFC00B8689A /* HHAdvertisementController.swift */; };
		9B37B3B31F71036400B8689A /* HHRewriteController.swift in Sources */ = {isa = PBXBuildFile; fileRef = 9B37B3B21F71036400B8689A /* HHRewriteController.swift */; };
		9B4F764B1F4AAC1D00EDDC03 /* HHTimer.swift in Sources */ = {isa = PBXBuildFile; fileRef = 9B4F764A1F4AAC1D00EDDC03 /* HHTimer.swift */; };
		9B4F76611F4BCDB700EDDC03 /* HHBaseScrollViewController.swift in Sources */ = {isa = PBXBuildFile; fileRef = 9B4F76601F4BCDB700EDDC03 /* HHBaseScrollViewController.swift */; };
		9B6E5A471F4593EF0055746C /* HHPhotoPickManager.swift in Sources */ = {isa = PBXBuildFile; fileRef = 9B6E5A461F4593EF0055746C /* HHPhotoPickManager.swift */; };
		9B6E5A491F45E3CF0055746C /* HHLayerController.swift in Sources */ = {isa = PBXBuildFile; fileRef = 9B6E5A481F45E3CF0055746C /* HHLayerController.swift */; };
		9B6E5A4B1F46ED2A0055746C /* HHPickerView.swift in Sources */ = {isa = PBXBuildFile; fileRef = 9B6E5A4A1F46ED2A0055746C /* HHPickerView.swift */; };
		9BD560A31F31A04D0054AF8F /* HHLogInAndSignUpView.swift in Sources */ = {isa = PBXBuildFile; fileRef = 9BD560A21F31A04D0054AF8F /* HHLogInAndSignUpView.swift */; };
		9BF00B241E0910E90045E4D0 /* HHTestViewController.swift in Sources */ = {isa = PBXBuildFile; fileRef = 9BF00B231E0910E90045E4D0 /* HHTestViewController.swift */; };
		9BF316C71F73984800218061 /* HHChoiceLeaderController.swift in Sources */ = {isa = PBXBuildFile; fileRef = 9BF316C01F73984800218061 /* HHChoiceLeaderController.swift */; };
		9BF316C81F73984800218061 /* HHLeaderDetailController.swift in Sources */ = {isa = PBXBuildFile; fileRef = 9BF316C11F73984800218061 /* HHLeaderDetailController.swift */; };
		9BF316C91F73984800218061 /* HHChoiceLeaderModel.swift in Sources */ = {isa = PBXBuildFile; fileRef = 9BF316C31F73984800218061 /* HHChoiceLeaderModel.swift */; };
		9BF316D11F73997800218061 /* HHChoiceLeaderCell.swift in Sources */ = {isa = PBXBuildFile; fileRef = 9BF316D01F73997800218061 /* HHChoiceLeaderCell.swift */; };
		9BF316D31F7399A700218061 /* HHLeaderDetailCell.swift in Sources */ = {isa = PBXBuildFile; fileRef = 9BF316D21F7399A700218061 /* HHLeaderDetailCell.swift */; };
		9BF316E51F739A2000218061 /* HHChoiceLoactionFirstController.swift in Sources */ = {isa = PBXBuildFile; fileRef = 9BF316E21F739A2000218061 /* HHChoiceLoactionFirstController.swift */; };
		9BF316E61F739A2000218061 /* HHChoiceLoactionSecondController.swift in Sources */ = {isa = PBXBuildFile; fileRef = 9BF316E31F739A2000218061 /* HHChoiceLoactionSecondController.swift */; };
		9BF316E71F739A2000218061 /* HHChoiceLoactionThirdController.swift in Sources */ = {isa = PBXBuildFile; fileRef = 9BF316E41F739A2000218061 /* HHChoiceLoactionThirdController.swift */; };
		9BF316E91F739A3400218061 /* HHChoiceLoactionFirstModel.swift in Sources */ = {isa = PBXBuildFile; fileRef = 9BF316E81F739A3400218061 /* HHChoiceLoactionFirstModel.swift */; };
		9BF9C4CD1DF9934F0065D9F7 /* AppDelegate.swift in Sources */ = {isa = PBXBuildFile; fileRef = 9BF9C4CC1DF9934F0065D9F7 /* AppDelegate.swift */; };
		9BF9C4D41DF9934F0065D9F7 /* Assets.xcassets in Resources */ = {isa = PBXBuildFile; fileRef = 9BF9C4D31DF9934F0065D9F7 /* Assets.xcassets */; };
		9BF9C4D71DF9934F0065D9F7 /* LaunchScreen.storyboard in Resources */ = {isa = PBXBuildFile; fileRef = 9BF9C4D51DF9934F0065D9F7 /* LaunchScreen.storyboard */; };
		9BF9C4F11DF993E00065D9F7 /* HHBaseTableViewController.swift in Sources */ = {isa = PBXBuildFile; fileRef = 9BF9C4E01DF993E00065D9F7 /* HHBaseTableViewController.swift */; };
		9BF9C4F21DF993E00065D9F7 /* HHBaseViewController.swift in Sources */ = {isa = PBXBuildFile; fileRef = 9BF9C4E11DF993E00065D9F7 /* HHBaseViewController.swift */; };
		9BF9C4F31DF993E00065D9F7 /* HHNavigationController.swift in Sources */ = {isa = PBXBuildFile; fileRef = 9BF9C4E21DF993E00065D9F7 /* HHNavigationController.swift */; };
		9BF9C4F41DF993E00065D9F7 /* HHLoginController.swift in Sources */ = {isa = PBXBuildFile; fileRef = 9BF9C4E91DF993E00065D9F7 /* HHLoginController.swift */; };
		9BFA7AD81E02DC52005D6D3F /* HeaderFile.swift in Sources */ = {isa = PBXBuildFile; fileRef = 9BFA7AD71E02DC52005D6D3F /* HeaderFile.swift */; };
		9BFF8FB81F4EAEA4002AF33B /* HHMotorcadeFirstCell.swift in Sources */ = {isa = PBXBuildFile; fileRef = 9BFF8FB71F4EAEA4002AF33B /* HHMotorcadeFirstCell.swift */; };
		9BFF8FBA1F4EB196002AF33B /* HHMotorcadeSecondCell.swift in Sources */ = {isa = PBXBuildFile; fileRef = 9BFF8FB91F4EB196002AF33B /* HHMotorcadeSecondCell.swift */; };
		9BFF8FBC1F4EC9FD002AF33B /* HHMotorcadeModel.swift in Sources */ = {isa = PBXBuildFile; fileRef = 9BFF8FBB1F4EC9FD002AF33B /* HHMotorcadeModel.swift */; };
		9BFF8FBE1F5CFB0E002AF33B /* HHHomeNoticeModel.swift in Sources */ = {isa = PBXBuildFile; fileRef = 9BFF8FBD1F5CFB0E002AF33B /* HHHomeNoticeModel.swift */; };
		9BFF8FC01F5D01CA002AF33B /* HHHomeCell.swift in Sources */ = {isa = PBXBuildFile; fileRef = 9BFF8FBF1F5D01CA002AF33B /* HHHomeCell.swift */; };
		9BFF8FC21F5D63E1002AF33B /* HHInfoView.swift in Sources */ = {isa = PBXBuildFile; fileRef = 9BFF8FC11F5D63E1002AF33B /* HHInfoView.swift */; };
		9BFF8FC41F5E8910002AF33B /* HHInfoCell.swift in Sources */ = {isa = PBXBuildFile; fileRef = 9BFF8FC31F5E8910002AF33B /* HHInfoCell.swift */; };
		9BFF8FC81F60DEAD002AF33B /* HHSettingController.swift in Sources */ = {isa = PBXBuildFile; fileRef = 9BFF8FC71F60DEAD002AF33B /* HHSettingController.swift */; };
		9BFF90081F62367F002AF33B /* HHOrderController.swift in Sources */ = {isa = PBXBuildFile; fileRef = 9BFF90001F62367F002AF33B /* HHOrderController.swift */; };
		9BFF90091F62367F002AF33B /* HHOrderModel.swift in Sources */ = {isa = PBXBuildFile; fileRef = 9BFF90021F62367F002AF33B /* HHOrderModel.swift */; };
		9BFF900A1F62367F002AF33B /* HHOrderCell.swift in Sources */ = {isa = PBXBuildFile; fileRef = 9BFF90041F62367F002AF33B /* HHOrderCell.swift */; };
		9BFF900B1F62367F002AF33B /* HHOrderCell.xib in Resources */ = {isa = PBXBuildFile; fileRef = 9BFF90051F62367F002AF33B /* HHOrderCell.xib */; };
		9BFF900C1F62367F002AF33B /* HHOrderHeadView.swift in Sources */ = {isa = PBXBuildFile; fileRef = 9BFF90061F62367F002AF33B /* HHOrderHeadView.swift */; };
		9BFF900D1F62367F002AF33B /* HHOrderTableView.swift in Sources */ = {isa = PBXBuildFile; fileRef = 9BFF90071F62367F002AF33B /* HHOrderTableView.swift */; };
		9BFF900F1F6241B9002AF33B /* HHBaseNewsController.swift in Sources */ = {isa = PBXBuildFile; fileRef = 9BFF900E1F6241B9002AF33B /* HHBaseNewsController.swift */; };
		9BFF90111F628103002AF33B /* HHNewsTableView.swift in Sources */ = {isa = PBXBuildFile; fileRef = 9BFF90101F628103002AF33B /* HHNewsTableView.swift */; };
		9BFF90131F6282FC002AF33B /* HHNewsCell.swift in Sources */ = {isa = PBXBuildFile; fileRef = 9BFF90121F6282FC002AF33B /* HHNewsCell.swift */; };
		9BFF90151F628A0F002AF33B /* HHNewsModel.swift in Sources */ = {isa = PBXBuildFile; fileRef = 9BFF90141F628A0F002AF33B /* HHNewsModel.swift */; };
		9BFF901B1F6660CD002AF33B /* HHSearchController.swift in Sources */ = {isa = PBXBuildFile; fileRef = 9BFF901A1F6660CD002AF33B /* HHSearchController.swift */; };
		9BFF901D1F66621D002AF33B /* HHHeaderView.swift in Sources */ = {isa = PBXBuildFile; fileRef = 9BFF901C1F66621D002AF33B /* HHHeaderView.swift */; };
		9BFF901F1F666283002AF33B /* HHMenuView.swift in Sources */ = {isa = PBXBuildFile; fileRef = 9BFF901E1F666283002AF33B /* HHMenuView.swift */; };
		9BFF90211F6662C0002AF33B /* HHResultView.swift in Sources */ = {isa = PBXBuildFile; fileRef = 9BFF90201F6662C0002AF33B /* HHResultView.swift */; };
		9BFF90231F6662D3002AF33B /* HHHistoryView.swift in Sources */ = {isa = PBXBuildFile; fileRef = 9BFF90221F6662D3002AF33B /* HHHistoryView.swift */; };
		9BFF90251F66892F002AF33B /* HHMenuCell.swift in Sources */ = {isa = PBXBuildFile; fileRef = 9BFF90241F66892F002AF33B /* HHMenuCell.swift */; };
		9BFF90271F669464002AF33B /* HHMenuModel.swift in Sources */ = {isa = PBXBuildFile; fileRef = 9BFF90261F669464002AF33B /* HHMenuModel.swift */; };
		9BFF90291F67868B002AF33B /* HHHistoryModel.swift in Sources */ = {isa = PBXBuildFile; fileRef = 9BFF90281F67868B002AF33B /* HHHistoryModel.swift */; };
		9BFF902B1F67BA10002AF33B /* HHDateChoice.swift in Sources */ = {isa = PBXBuildFile; fileRef = 9BFF902A1F67BA10002AF33B /* HHDateChoice.swift */; };
		9BFF90391F68D07D002AF33B /* HHInviteController.swift in Sources */ = {isa = PBXBuildFile; fileRef = 9BFF90381F68D07D002AF33B /* HHInviteController.swift */; };
		9BFF903B1F68D407002AF33B /* HHInviteCell.swift in Sources */ = {isa = PBXBuildFile; fileRef = 9BFF903A1F68D407002AF33B /* HHInviteCell.swift */; };
		EBB21E850E374082ACBE04B7 /* Pods_haihuilai_buyer.framework in Frameworks */ = {isa = PBXBuildFile; fileRef = 02BA5D718C7BAC88A1E4EEA5 /* Pods_haihuilai_buyer.framework */; };
/* End PBXBuildFile section */

/* Begin PBXFileReference section */
		02BA5D718C7BAC88A1E4EEA5 /* Pods_haihuilai_buyer.framework */ = {isa = PBXFileReference; explicitFileType = wrapper.framework; includeInIndex = 0; path = Pods_haihuilai_buyer.framework; sourceTree = BUILT_PRODUCTS_DIR; };
		28AADEC41F455B420024D4E3 /* HHRegistProtocolController.swift */ = {isa = PBXFileReference; fileEncoding = 4; lastKnownFileType = sourcecode.swift; path = HHRegistProtocolController.swift; sourceTree = "<group>"; };
		28AADEC61F455B8C0024D4E3 /* HHChioceRoleController.swift */ = {isa = PBXFileReference; fileEncoding = 4; lastKnownFileType = sourcecode.swift; path = HHChioceRoleController.swift; sourceTree = "<group>"; };
		28AADECC1F456FDA0024D4E3 /* HHChoiceView.swift */ = {isa = PBXFileReference; fileEncoding = 4; lastKnownFileType = sourcecode.swift; path = HHChoiceView.swift; sourceTree = "<group>"; };
		9B06B1AF1F6904D900EF5CB4 /* HHAddressBook.swift */ = {isa = PBXFileReference; fileEncoding = 4; lastKnownFileType = sourcecode.swift; path = HHAddressBook.swift; sourceTree = "<group>"; };
		9B06B1B11F691FDA00EF5CB4 /* HHInviteModel.swift */ = {isa = PBXFileReference; fileEncoding = 4; lastKnownFileType = sourcecode.swift; path = HHInviteModel.swift; sourceTree = "<group>"; };
		9B06B1B31F6A20B000EF5CB4 /* HHIndexView.swift */ = {isa = PBXFileReference; fileEncoding = 4; lastKnownFileType = sourcecode.swift; path = HHIndexView.swift; sourceTree = "<group>"; };
		9B06B1B51F6A75FB00EF5CB4 /* HHSignUpController.swift */ = {isa = PBXFileReference; fileEncoding = 4; lastKnownFileType = sourcecode.swift; path = HHSignUpController.swift; sourceTree = "<group>"; };
		9B06B1BC1F6A7D3200EF5CB4 /* UIBarButtonItem+Category.swift */ = {isa = PBXFileReference; fileEncoding = 4; lastKnownFileType = sourcecode.swift; path = "UIBarButtonItem+Category.swift"; sourceTree = "<group>"; };
		9B06B1BD1F6A7D3200EF5CB4 /* UIButton+Category.swift */ = {isa = PBXFileReference; fileEncoding = 4; lastKnownFileType = sourcecode.swift; path = "UIButton+Category.swift"; sourceTree = "<group>"; };
		9B06B1BE1F6A7D3200EF5CB4 /* UIImageView+Category.swift */ = {isa = PBXFileReference; fileEncoding = 4; lastKnownFileType = sourcecode.swift; path = "UIImageView+Category.swift"; sourceTree = "<group>"; };
		9B06B1BF1F6A7D3200EF5CB4 /* UILabel+Category.swift */ = {isa = PBXFileReference; fileEncoding = 4; lastKnownFileType = sourcecode.swift; path = "UILabel+Category.swift"; sourceTree = "<group>"; };
		9B06B1C01F6A7D3200EF5CB4 /* UITextField+Category.swift */ = {isa = PBXFileReference; fileEncoding = 4; lastKnownFileType = sourcecode.swift; path = "UITextField+Category.swift"; sourceTree = "<group>"; };
		9B0BCDA91DFFD3FB0087FC35 /* HHCommon.swift */ = {isa = PBXFileReference; fileEncoding = 4; lastKnownFileType = sourcecode.swift; path = HHCommon.swift; sourceTree = "<group>"; };
		9B0BCDAB1E0024380087FC35 /* haihuilai_buyer-Bridging-Header.h */ = {isa = PBXFileReference; lastKnownFileType = sourcecode.c.h; name = "haihuilai_buyer-Bridging-Header.h"; path = "class/Common/haihuilai_buyer-Bridging-Header.h"; sourceTree = "<group>"; };
		9B0BCDB31E014A9A0087FC35 /* HHNetworkTools.swift */ = {isa = PBXFileReference; fileEncoding = 4; lastKnownFileType = sourcecode.swift; path = HHNetworkTools.swift; sourceTree = "<group>"; };
		9B0BCDB61E027E420087FC35 /* HHAccountViewModel.swift */ = {isa = PBXFileReference; fileEncoding = 4; lastKnownFileType = sourcecode.swift; name = HHAccountViewModel.swift; path = haihuilai_buyer/class/Common/Networking/HHAccountViewModel.swift; sourceTree = SOURCE_ROOT; };
		9B0BCDB81E027FAF0087FC35 /* HHAccountModel.swift */ = {isa = PBXFileReference; fileEncoding = 4; lastKnownFileType = sourcecode.swift; path = HHAccountModel.swift; sourceTree = "<group>"; };
		9B10467B1F74F0730037C3EC /* HHDetailPictureController.swift */ = {isa = PBXFileReference; fileEncoding = 4; lastKnownFileType = sourcecode.swift; path = HHDetailPictureController.swift; sourceTree = "<group>"; };
		9B10467D1F74F1B30037C3EC /* HHImageViewCell.swift */ = {isa = PBXFileReference; fileEncoding = 4; lastKnownFileType = sourcecode.swift; path = HHImageViewCell.swift; sourceTree = "<group>"; };
		9B2E35E31F4E7865008E7BAC /* HHbaseBarController.swift */ = {isa = PBXFileReference; fileEncoding = 4; lastKnownFileType = sourcecode.swift; path = HHbaseBarController.swift; sourceTree = "<group>"; };
		9B2E35E51F4E7D48008E7BAC /* HHMotorcadeController.swift */ = {isa = PBXFileReference; fileEncoding = 4; lastKnownFileType = sourcecode.swift; path = HHMotorcadeController.swift; sourceTree = "<group>"; };
		9B2E35E71F4E7D91008E7BAC /* HHCalendarController.swift */ = {isa = PBXFileReference; fileEncoding = 4; lastKnownFileType = sourcecode.swift; path = HHCalendarController.swift; sourceTree = "<group>"; };
		9B2E35E91F4E7E03008E7BAC /* HHHomeController.swift */ = {isa = PBXFileReference; fileEncoding = 4; lastKnownFileType = sourcecode.swift; path = HHHomeController.swift; sourceTree = "<group>"; };
		9B2E35EB1F4E7E2E008E7BAC /* HHIndividualController.swift */ = {isa = PBXFileReference; fileEncoding = 4; lastKnownFileType = sourcecode.swift; path = HHIndividualController.swift; sourceTree = "<group>"; };
		9B33CA011F3AEC5B00461B4F /* HHLogInView.swift */ = {isa = PBXFileReference; fileEncoding = 4; lastKnownFileType = sourcecode.swift; path = HHLogInView.swift; sourceTree = "<group>"; };
		9B33CA031F3AED8600461B4F /* HHLogInView.xib */ = {isa = PBXFileReference; fileEncoding = 4; lastKnownFileType = file.xib; path = HHLogInView.xib; sourceTree = "<group>"; };
		9B33CA051F3B054A00461B4F /* HHLoadNibDelegate.swift */ = {isa = PBXFileReference; fileEncoding = 4; lastKnownFileType = sourcecode.swift; path = HHLoadNibDelegate.swift; sourceTree = "<group>"; };
		9B33CA071F3C41D300461B4F /* HHChoiceCuntryController.swift */ = {isa = PBXFileReference; fileEncoding = 4; lastKnownFileType = sourcecode.swift; path = HHChoiceCuntryController.swift; sourceTree = "<group>"; };
		9B33CA091F3C432500461B4F /* HHChoiceCountryCell.swift */ = {isa = PBXFileReference; fileEncoding = 4; lastKnownFileType = sourcecode.swift; path = HHChoiceCountryCell.swift; sourceTree = "<group>"; };
		9B33CA0A1F3C432500461B4F /* HHChoiceCountryCell.xib */ = {isa = PBXFileReference; fileEncoding = 4; lastKnownFileType = file.xib; path = HHChoiceCountryCell.xib; sourceTree = "<group>"; };
		9B33CA0D1F3C449A00461B4F /* HHChoiceCountryModel.swift */ = {isa = PBXFileReference; fileEncoding = 4; lastKnownFileType = sourcecode.swift; path = HHChoiceCountryModel.swift; sourceTree = "<group>"; };
		9B33CA0F1F3C4C1700461B4F /* HHChoiceModel.swift */ = {isa = PBXFileReference; fileEncoding = 4; lastKnownFileType = sourcecode.swift; path = HHChoiceModel.swift; sourceTree = "<group>"; };
		9B33CA111F3C50DE00461B4F /* HHNetworkClass.swift */ = {isa = PBXFileReference; fileEncoding = 4; lastKnownFileType = sourcecode.swift; path = HHNetworkClass.swift; sourceTree = "<group>"; };
		9B33CA141F417CDB00461B4F /* HHProgressHUD.swift */ = {isa = PBXFileReference; fileEncoding = 4; lastKnownFileType = sourcecode.swift; path = HHProgressHUD.swift; sourceTree = "<group>"; };
		9B37B3A81F6F762D00B8689A /* HHDetailInfoController.swift */ = {isa = PBXFileReference; fileEncoding = 4; lastKnownFileType = sourcecode.swift; path = HHDetailInfoController.swift; sourceTree = "<group>"; };
		9B37B3AA1F6F773B00B8689A /* HHDetailInfoCell.swift */ = {isa = PBXFileReference; fileEncoding = 4; lastKnownFileType = sourcecode.swift; path = HHDetailInfoCell.swift; sourceTree = "<group>"; };
		9B37B3AC1F6FA8F200B8689A /* HHNextOrdelegateCell.swift */ = {isa = PBXFileReference; fileEncoding = 4; lastKnownFileType = sourcecode.swift; path = HHNextOrdelegateCell.swift; sourceTree = "<group>"; };
		9B37B3AE1F6FC29800B8689A /* HHDetailInfoTwoCell.swift */ = {isa = PBXFileReference; fileEncoding = 4; lastKnownFileType = sourcecode.swift; path = HHDetailInfoTwoCell.swift; sourceTree = "<group>"; };
		9B37B3B01F70FBFC00B8689A /* HHAdvertisementController.swift */ = {isa = PBXFileReference; fileEncoding = 4; lastKnownFileType = sourcecode.swift; path = HHAdvertisementController.swift; sourceTree = "<group>"; };
		9B37B3B21F71036400B8689A /* HHRewriteController.swift */ = {isa = PBXFileReference; fileEncoding = 4; lastKnownFileType = sourcecode.swift; path = HHRewriteController.swift; sourceTree = "<group>"; };
		9B4F764A1F4AAC1D00EDDC03 /* HHTimer.swift */ = {isa = PBXFileReference; fileEncoding = 4; lastKnownFileType = sourcecode.swift; path = HHTimer.swift; sourceTree = "<group>"; };
		9B4F76601F4BCDB700EDDC03 /* HHBaseScrollViewController.swift */ = {isa = PBXFileReference; fileEncoding = 4; lastKnownFileType = sourcecode.swift; path = HHBaseScrollViewController.swift; sourceTree = "<group>"; };
		9B6E5A461F4593EF0055746C /* HHPhotoPickManager.swift */ = {isa = PBXFileReference; fileEncoding = 4; lastKnownFileType = sourcecode.swift; path = HHPhotoPickManager.swift; sourceTree = "<group>"; };
		9B6E5A481F45E3CF0055746C /* HHLayerController.swift */ = {isa = PBXFileReference; fileEncoding = 4; lastKnownFileType = sourcecode.swift; path = HHLayerController.swift; sourceTree = "<group>"; };
		9B6E5A4A1F46ED2A0055746C /* HHPickerView.swift */ = {isa = PBXFileReference; fileEncoding = 4; lastKnownFileType = sourcecode.swift; path = HHPickerView.swift; sourceTree = "<group>"; };
		9BD560A21F31A04D0054AF8F /* HHLogInAndSignUpView.swift */ = {isa = PBXFileReference; fileEncoding = 4; lastKnownFileType = sourcecode.swift; path = HHLogInAndSignUpView.swift; sourceTree = "<group>"; };
		9BF00B231E0910E90045E4D0 /* HHTestViewController.swift */ = {isa = PBXFileReference; fileEncoding = 4; lastKnownFileType = sourcecode.swift; path = HHTestViewController.swift; sourceTree = "<group>"; };
		9BF316C01F73984800218061 /* HHChoiceLeaderController.swift */ = {isa = PBXFileReference; fileEncoding = 4; lastKnownFileType = sourcecode.swift; path = HHChoiceLeaderController.swift; sourceTree = "<group>"; };
		9BF316C11F73984800218061 /* HHLeaderDetailController.swift */ = {isa = PBXFileReference; fileEncoding = 4; lastKnownFileType = sourcecode.swift; path = HHLeaderDetailController.swift; sourceTree = "<group>"; };
		9BF316C31F73984800218061 /* HHChoiceLeaderModel.swift */ = {isa = PBXFileReference; fileEncoding = 4; lastKnownFileType = sourcecode.swift; path = HHChoiceLeaderModel.swift; sourceTree = "<group>"; };
		9BF316D01F73997800218061 /* HHChoiceLeaderCell.swift */ = {isa = PBXFileReference; fileEncoding = 4; lastKnownFileType = sourcecode.swift; path = HHChoiceLeaderCell.swift; sourceTree = "<group>"; };
		9BF316D21F7399A700218061 /* HHLeaderDetailCell.swift */ = {isa = PBXFileReference; fileEncoding = 4; lastKnownFileType = sourcecode.swift; path = HHLeaderDetailCell.swift; sourceTree = "<group>"; };
		9BF316E21F739A2000218061 /* HHChoiceLoactionFirstController.swift */ = {isa = PBXFileReference; fileEncoding = 4; lastKnownFileType = sourcecode.swift; path = HHChoiceLoactionFirstController.swift; sourceTree = "<group>"; };
		9BF316E31F739A2000218061 /* HHChoiceLoactionSecondController.swift */ = {isa = PBXFileReference; fileEncoding = 4; lastKnownFileType = sourcecode.swift; path = HHChoiceLoactionSecondController.swift; sourceTree = "<group>"; };
		9BF316E41F739A2000218061 /* HHChoiceLoactionThirdController.swift */ = {isa = PBXFileReference; fileEncoding = 4; lastKnownFileType = sourcecode.swift; path = HHChoiceLoactionThirdController.swift; sourceTree = "<group>"; };
		9BF316E81F739A3400218061 /* HHChoiceLoactionFirstModel.swift */ = {isa = PBXFileReference; fileEncoding = 4; lastKnownFileType = sourcecode.swift; path = HHChoiceLoactionFirstModel.swift; sourceTree = "<group>"; };
		9BF9C4C91DF9934F0065D9F7 /* haihuilai_buyer.app */ = {isa = PBXFileReference; explicitFileType = wrapper.application; includeInIndex = 0; path = haihuilai_buyer.app; sourceTree = BUILT_PRODUCTS_DIR; };
		9BF9C4CC1DF9934F0065D9F7 /* AppDelegate.swift */ = {isa = PBXFileReference; lastKnownFileType = sourcecode.swift; path = AppDelegate.swift; sourceTree = "<group>"; };
		9BF9C4D31DF9934F0065D9F7 /* Assets.xcassets */ = {isa = PBXFileReference; lastKnownFileType = folder.assetcatalog; path = Assets.xcassets; sourceTree = "<group>"; };
		9BF9C4D61DF9934F0065D9F7 /* Base */ = {isa = PBXFileReference; lastKnownFileType = file.storyboard; name = Base; path = Base.lproj/LaunchScreen.storyboard; sourceTree = "<group>"; };
		9BF9C4D81DF9934F0065D9F7 /* Info.plist */ = {isa = PBXFileReference; lastKnownFileType = text.plist.xml; path = Info.plist; sourceTree = "<group>"; };
		9BF9C4E01DF993E00065D9F7 /* HHBaseTableViewController.swift */ = {isa = PBXFileReference; fileEncoding = 4; lastKnownFileType = sourcecode.swift; path = HHBaseTableViewController.swift; sourceTree = "<group>"; };
		9BF9C4E11DF993E00065D9F7 /* HHBaseViewController.swift */ = {isa = PBXFileReference; fileEncoding = 4; lastKnownFileType = sourcecode.swift; path = HHBaseViewController.swift; sourceTree = "<group>"; };
		9BF9C4E21DF993E00065D9F7 /* HHNavigationController.swift */ = {isa = PBXFileReference; fileEncoding = 4; lastKnownFileType = sourcecode.swift; path = HHNavigationController.swift; sourceTree = "<group>"; };
		9BF9C4E91DF993E00065D9F7 /* HHLoginController.swift */ = {isa = PBXFileReference; fileEncoding = 4; lastKnownFileType = sourcecode.swift; path = HHLoginController.swift; sourceTree = "<group>"; };
		9BFA7AD71E02DC52005D6D3F /* HeaderFile.swift */ = {isa = PBXFileReference; fileEncoding = 4; lastKnownFileType = sourcecode.swift; path = HeaderFile.swift; sourceTree = "<group>"; };
		9BFF8FB71F4EAEA4002AF33B /* HHMotorcadeFirstCell.swift */ = {isa = PBXFileReference; fileEncoding = 4; lastKnownFileType = sourcecode.swift; path = HHMotorcadeFirstCell.swift; sourceTree = "<group>"; };
		9BFF8FB91F4EB196002AF33B /* HHMotorcadeSecondCell.swift */ = {isa = PBXFileReference; fileEncoding = 4; lastKnownFileType = sourcecode.swift; path = HHMotorcadeSecondCell.swift; sourceTree = "<group>"; };
		9BFF8FBB1F4EC9FD002AF33B /* HHMotorcadeModel.swift */ = {isa = PBXFileReference; fileEncoding = 4; lastKnownFileType = sourcecode.swift; path = HHMotorcadeModel.swift; sourceTree = "<group>"; };
		9BFF8FBD1F5CFB0E002AF33B /* HHHomeNoticeModel.swift */ = {isa = PBXFileReference; fileEncoding = 4; lastKnownFileType = sourcecode.swift; path = HHHomeNoticeModel.swift; sourceTree = "<group>"; };
		9BFF8FBF1F5D01CA002AF33B /* HHHomeCell.swift */ = {isa = PBXFileReference; fileEncoding = 4; lastKnownFileType = sourcecode.swift; path = HHHomeCell.swift; sourceTree = "<group>"; };
		9BFF8FC11F5D63E1002AF33B /* HHInfoView.swift */ = {isa = PBXFileReference; fileEncoding = 4; lastKnownFileType = sourcecode.swift; path = HHInfoView.swift; sourceTree = "<group>"; };
		9BFF8FC31F5E8910002AF33B /* HHInfoCell.swift */ = {isa = PBXFileReference; fileEncoding = 4; lastKnownFileType = sourcecode.swift; path = HHInfoCell.swift; sourceTree = "<group>"; };
		9BFF8FC71F60DEAD002AF33B /* HHSettingController.swift */ = {isa = PBXFileReference; fileEncoding = 4; lastKnownFileType = sourcecode.swift; path = HHSettingController.swift; sourceTree = "<group>"; };
		9BFF90001F62367F002AF33B /* HHOrderController.swift */ = {isa = PBXFileReference; fileEncoding = 4; lastKnownFileType = sourcecode.swift; path = HHOrderController.swift; sourceTree = "<group>"; };
		9BFF90021F62367F002AF33B /* HHOrderModel.swift */ = {isa = PBXFileReference; fileEncoding = 4; lastKnownFileType = sourcecode.swift; path = HHOrderModel.swift; sourceTree = "<group>"; };
		9BFF90041F62367F002AF33B /* HHOrderCell.swift */ = {isa = PBXFileReference; fileEncoding = 4; lastKnownFileType = sourcecode.swift; path = HHOrderCell.swift; sourceTree = "<group>"; };
		9BFF90051F62367F002AF33B /* HHOrderCell.xib */ = {isa = PBXFileReference; fileEncoding = 4; lastKnownFileType = file.xib; path = HHOrderCell.xib; sourceTree = "<group>"; };
		9BFF90061F62367F002AF33B /* HHOrderHeadView.swift */ = {isa = PBXFileReference; fileEncoding = 4; lastKnownFileType = sourcecode.swift; path = HHOrderHeadView.swift; sourceTree = "<group>"; };
		9BFF90071F62367F002AF33B /* HHOrderTableView.swift */ = {isa = PBXFileReference; fileEncoding = 4; lastKnownFileType = sourcecode.swift; path = HHOrderTableView.swift; sourceTree = "<group>"; };
		9BFF900E1F6241B9002AF33B /* HHBaseNewsController.swift */ = {isa = PBXFileReference; fileEncoding = 4; lastKnownFileType = sourcecode.swift; path = HHBaseNewsController.swift; sourceTree = "<group>"; };
		9BFF90101F628103002AF33B /* HHNewsTableView.swift */ = {isa = PBXFileReference; fileEncoding = 4; lastKnownFileType = sourcecode.swift; path = HHNewsTableView.swift; sourceTree = "<group>"; };
		9BFF90121F6282FC002AF33B /* HHNewsCell.swift */ = {isa = PBXFileReference; fileEncoding = 4; lastKnownFileType = sourcecode.swift; path = HHNewsCell.swift; sourceTree = "<group>"; };
		9BFF90141F628A0F002AF33B /* HHNewsModel.swift */ = {isa = PBXFileReference; fileEncoding = 4; lastKnownFileType = sourcecode.swift; path = HHNewsModel.swift; sourceTree = "<group>"; };
		9BFF901A1F6660CD002AF33B /* HHSearchController.swift */ = {isa = PBXFileReference; fileEncoding = 4; lastKnownFileType = sourcecode.swift; path = HHSearchController.swift; sourceTree = "<group>"; };
		9BFF901C1F66621D002AF33B /* HHHeaderView.swift */ = {isa = PBXFileReference; fileEncoding = 4; lastKnownFileType = sourcecode.swift; path = HHHeaderView.swift; sourceTree = "<group>"; };
		9BFF901E1F666283002AF33B /* HHMenuView.swift */ = {isa = PBXFileReference; fileEncoding = 4; lastKnownFileType = sourcecode.swift; path = HHMenuView.swift; sourceTree = "<group>"; };
		9BFF90201F6662C0002AF33B /* HHResultView.swift */ = {isa = PBXFileReference; fileEncoding = 4; lastKnownFileType = sourcecode.swift; path = HHResultView.swift; sourceTree = "<group>"; };
		9BFF90221F6662D3002AF33B /* HHHistoryView.swift */ = {isa = PBXFileReference; fileEncoding = 4; lastKnownFileType = sourcecode.swift; path = HHHistoryView.swift; sourceTree = "<group>"; };
		9BFF90241F66892F002AF33B /* HHMenuCell.swift */ = {isa = PBXFileReference; fileEncoding = 4; lastKnownFileType = sourcecode.swift; path = HHMenuCell.swift; sourceTree = "<group>"; };
		9BFF90261F669464002AF33B /* HHMenuModel.swift */ = {isa = PBXFileReference; fileEncoding = 4; lastKnownFileType = sourcecode.swift; path = HHMenuModel.swift; sourceTree = "<group>"; };
		9BFF90281F67868B002AF33B /* HHHistoryModel.swift */ = {isa = PBXFileReference; fileEncoding = 4; lastKnownFileType = sourcecode.swift; path = HHHistoryModel.swift; sourceTree = "<group>"; };
		9BFF902A1F67BA10002AF33B /* HHDateChoice.swift */ = {isa = PBXFileReference; fileEncoding = 4; lastKnownFileType = sourcecode.swift; path = HHDateChoice.swift; sourceTree = "<group>"; };
		9BFF90381F68D07D002AF33B /* HHInviteController.swift */ = {isa = PBXFileReference; fileEncoding = 4; lastKnownFileType = sourcecode.swift; path = HHInviteController.swift; sourceTree = "<group>"; };
		9BFF903A1F68D407002AF33B /* HHInviteCell.swift */ = {isa = PBXFileReference; fileEncoding = 4; lastKnownFileType = sourcecode.swift; path = HHInviteCell.swift; sourceTree = "<group>"; };
		BC6128481E1D396E3399B6D5 /* Pods-haihuilai_buyer.debug.xcconfig */ = {isa = PBXFileReference; includeInIndex = 1; lastKnownFileType = text.xcconfig; name = "Pods-haihuilai_buyer.debug.xcconfig"; path = "Pods/Target Support Files/Pods-haihuilai_buyer/Pods-haihuilai_buyer.debug.xcconfig"; sourceTree = "<group>"; };
		DDDAECBC33DF554AF2EF511B /* Pods-haihuilai_buyer.release.xcconfig */ = {isa = PBXFileReference; includeInIndex = 1; lastKnownFileType = text.xcconfig; name = "Pods-haihuilai_buyer.release.xcconfig"; path = "Pods/Target Support Files/Pods-haihuilai_buyer/Pods-haihuilai_buyer.release.xcconfig"; sourceTree = "<group>"; };
/* End PBXFileReference section */

/* Begin PBXFrameworksBuildPhase section */
		9BF9C4C61DF9934F0065D9F7 /* Frameworks */ = {
			isa = PBXFrameworksBuildPhase;
			buildActionMask = 2147483647;
			files = (
				EBB21E850E374082ACBE04B7 /* Pods_haihuilai_buyer.framework in Frameworks */,
			);
			runOnlyForDeploymentPostprocessing = 0;
		};
/* End PBXFrameworksBuildPhase section */

/* Begin PBXGroup section */
		77785482531F6B9C21157909 /* Frameworks */ = {
			isa = PBXGroup;
			children = (
				02BA5D718C7BAC88A1E4EEA5 /* Pods_haihuilai_buyer.framework */,
			);
			name = Frameworks;
			sourceTree = "<group>";
		};
		9B06B1BB1F6A7D3200EF5CB4 /* Category */ = {
			isa = PBXGroup;
			children = (
				9B06B1BC1F6A7D3200EF5CB4 /* UIBarButtonItem+Category.swift */,
				9B06B1BD1F6A7D3200EF5CB4 /* UIButton+Category.swift */,
				9B06B1BE1F6A7D3200EF5CB4 /* UIImageView+Category.swift */,
				9B06B1BF1F6A7D3200EF5CB4 /* UILabel+Category.swift */,
				9B06B1C01F6A7D3200EF5CB4 /* UITextField+Category.swift */,
			);
			path = Category;
			sourceTree = "<group>";
		};
		9B0BCDAF1E014A170087FC35 /* Networking */ = {
			isa = PBXGroup;
			children = (
				9B0BCDB31E014A9A0087FC35 /* HHNetworkTools.swift */,
				9B33CA111F3C50DE00461B4F /* HHNetworkClass.swift */,
			);
			name = Networking;
			sourceTree = "<group>";
		};
		9B0BCDB51E027DF10087FC35 /* ViewModel */ = {
			isa = PBXGroup;
			children = (
				9B0BCDB61E027E420087FC35 /* HHAccountViewModel.swift */,
			);
			name = ViewModel;
			path = View/ViewModel;
			sourceTree = "<group>";
		};
		9B33CA131F417B5200461B4F /* Tool */ = {
			isa = PBXGroup;
			children = (
				9B06B1BB1F6A7D3200EF5CB4 /* Category */,
				9B0BCDAF1E014A170087FC35 /* Networking */,
				9B33CA141F417CDB00461B4F /* HHProgressHUD.swift */,
				9B6E5A461F4593EF0055746C /* HHPhotoPickManager.swift */,
				9B6E5A4A1F46ED2A0055746C /* HHPickerView.swift */,
				9B4F764A1F4AAC1D00EDDC03 /* HHTimer.swift */,
				9BFF902A1F67BA10002AF33B /* HHDateChoice.swift */,
				9B06B1B31F6A20B000EF5CB4 /* HHIndexView.swift */,
			);
			name = Tool;
			path = Networking;
			sourceTree = "<group>";
		};
		9B4F764C1F4AD90D00EDDC03 /* Order */ = {
			isa = PBXGroup;
			children = (
				9BFF8FFE1F62367F002AF33B /* orderDetail */,
				9BFF8FF81F623608002AF33B /* news */,
				9BFF90161F665E83002AF33B /* search */,
			);
			path = Order;
			sourceTree = "<group>";
		};
		9B4F76501F4BC61A00EDDC03 /* Home */ = {
			isa = PBXGroup;
			children = (
				9B4F76511F4BC61A00EDDC03 /* Controller */,
				9B4F76521F4BC61A00EDDC03 /* Model */,
				9B4F76531F4BC61A00EDDC03 /* View */,
			);
			path = Home;
			sourceTree = "<group>";
		};
		9B4F76511F4BC61A00EDDC03 /* Controller */ = {
			isa = PBXGroup;
			children = (
				9B2E35E91F4E7E03008E7BAC /* HHHomeController.swift */,
			);
			path = Controller;
			sourceTree = "<group>";
		};
		9B4F76521F4BC61A00EDDC03 /* Model */ = {
			isa = PBXGroup;
			children = (
				9BFF8FBD1F5CFB0E002AF33B /* HHHomeNoticeModel.swift */,
			);
			path = Model;
			sourceTree = "<group>";
		};
		9B4F76531F4BC61A00EDDC03 /* View */ = {
			isa = PBXGroup;
			children = (
				9BFF8FBF1F5D01CA002AF33B /* HHHomeCell.swift */,
			);
			path = View;
			sourceTree = "<group>";
		};
		9B4F76541F4BC61A00EDDC03 /* Individual */ = {
			isa = PBXGroup;
			children = (
				9B4F76551F4BC61A00EDDC03 /* Controller */,
				9B4F76561F4BC61A00EDDC03 /* Model */,
				9B4F76571F4BC61A00EDDC03 /* View */,
			);
			path = Individual;
			sourceTree = "<group>";
		};
		9B4F76551F4BC61A00EDDC03 /* Controller */ = {
			isa = PBXGroup;
			children = (
				9B2E35EB1F4E7E2E008E7BAC /* HHIndividualController.swift */,
				9BFF8FC61F60DE69002AF33B /* setting */,
			);
			path = Controller;
			sourceTree = "<group>";
		};
		9B4F76561F4BC61A00EDDC03 /* Model */ = {
			isa = PBXGroup;
			children = (
			);
			path = Model;
			sourceTree = "<group>";
		};
		9B4F76571F4BC61A00EDDC03 /* View */ = {
			isa = PBXGroup;
			children = (
				9BFF8FC11F5D63E1002AF33B /* HHInfoView.swift */,
				9BFF8FC31F5E8910002AF33B /* HHInfoCell.swift */,
			);
			path = View;
			sourceTree = "<group>";
		};
		9B4F76581F4BC67E00EDDC03 /* Motorcade */ = {
			isa = PBXGroup;
			children = (
				9BFF902C1F68CE63002AF33B /* Invite */,
				9B4F76591F4BC67E00EDDC03 /* Controller */,
				9B4F765A1F4BC67E00EDDC03 /* Model */,
				9B4F765B1F4BC67E00EDDC03 /* View */,
			);
			path = Motorcade;
			sourceTree = "<group>";
		};
		9B4F76591F4BC67E00EDDC03 /* Controller */ = {
			isa = PBXGroup;
			children = (
				9B2E35E51F4E7D48008E7BAC /* HHMotorcadeController.swift */,
			);
			path = Controller;
			sourceTree = "<group>";
		};
		9B4F765A1F4BC67E00EDDC03 /* Model */ = {
			isa = PBXGroup;
			children = (
				9BFF8FBB1F4EC9FD002AF33B /* HHMotorcadeModel.swift */,
			);
			path = Model;
			sourceTree = "<group>";
		};
		9B4F765B1F4BC67E00EDDC03 /* View */ = {
			isa = PBXGroup;
			children = (
				9BFF8FB71F4EAEA4002AF33B /* HHMotorcadeFirstCell.swift */,
				9BFF8FB91F4EB196002AF33B /* HHMotorcadeSecondCell.swift */,
			);
			path = View;
			sourceTree = "<group>";
		};
		9B4F765C1F4BC68700EDDC03 /* Calendar */ = {
			isa = PBXGroup;
			children = (
				9B4F765D1F4BC68700EDDC03 /* Controller */,
				9B4F765E1F4BC68700EDDC03 /* Model */,
				9B4F765F1F4BC68700EDDC03 /* View */,
			);
			path = Calendar;
			sourceTree = "<group>";
		};
		9B4F765D1F4BC68700EDDC03 /* Controller */ = {
			isa = PBXGroup;
			children = (
				9B2E35E71F4E7D91008E7BAC /* HHCalendarController.swift */,
			);
			path = Controller;
			sourceTree = "<group>";
		};
		9B4F765E1F4BC68700EDDC03 /* Model */ = {
			isa = PBXGroup;
			children = (
			);
			path = Model;
			sourceTree = "<group>";
		};
		9B4F765F1F4BC68700EDDC03 /* View */ = {
			isa = PBXGroup;
			children = (
			);
			path = View;
			sourceTree = "<group>";
		};
		9BF316BE1F73984800218061 /* ChoiceLeader */ = {
			isa = PBXGroup;
			children = (
				9BF316BF1F73984800218061 /* Controller */,
				9BF316C21F73984800218061 /* Model */,
				9BF316C41F73984800218061 /* View */,
			);
			path = ChoiceLeader;
			sourceTree = "<group>";
		};
		9BF316BF1F73984800218061 /* Controller */ = {
			isa = PBXGroup;
			children = (
				9BF316C01F73984800218061 /* HHChoiceLeaderController.swift */,
				9BF316C11F73984800218061 /* HHLeaderDetailController.swift */,
			);
			path = Controller;
			sourceTree = "<group>";
		};
		9BF316C21F73984800218061 /* Model */ = {
			isa = PBXGroup;
			children = (
				9BF316C31F73984800218061 /* HHChoiceLeaderModel.swift */,
			);
			path = Model;
			sourceTree = "<group>";
		};
		9BF316C41F73984800218061 /* View */ = {
			isa = PBXGroup;
			children = (
				9BF316D01F73997800218061 /* HHChoiceLeaderCell.swift */,
				9BF316D21F7399A700218061 /* HHLeaderDetailCell.swift */,
			);
			path = View;
			sourceTree = "<group>";
		};
		9BF316D41F7399E800218061 /* ChoiceLocation */ = {
			isa = PBXGroup;
			children = (
				9BF316D51F7399E800218061 /* Controller */,
				9BF316D81F7399E800218061 /* Model */,
				9BF316DA1F7399E800218061 /* View */,
			);
			path = ChoiceLocation;
			sourceTree = "<group>";
		};
		9BF316D51F7399E800218061 /* Controller */ = {
			isa = PBXGroup;
			children = (
				9BF316E21F739A2000218061 /* HHChoiceLoactionFirstController.swift */,
				9BF316E31F739A2000218061 /* HHChoiceLoactionSecondController.swift */,
				9BF316E41F739A2000218061 /* HHChoiceLoactionThirdController.swift */,
			);
			path = Controller;
			sourceTree = "<group>";
		};
		9BF316D81F7399E800218061 /* Model */ = {
			isa = PBXGroup;
			children = (
				9BF316E81F739A3400218061 /* HHChoiceLoactionFirstModel.swift */,
			);
			path = Model;
			sourceTree = "<group>";
		};
		9BF316DA1F7399E800218061 /* View */ = {
			isa = PBXGroup;
			children = (
			);
			path = View;
			sourceTree = "<group>";
		};
		9BF9C4C01DF9934F0065D9F7 = {
			isa = PBXGroup;
			children = (
				9BF9C4CB1DF9934F0065D9F7 /* haihuilai_buyer */,
				9BF9C4CA1DF9934F0065D9F7 /* Products */,
				D444B466CF4E88DEED960C9F /* Pods */,
				77785482531F6B9C21157909 /* Frameworks */,
			);
			sourceTree = "<group>";
		};
		9BF9C4CA1DF9934F0065D9F7 /* Products */ = {
			isa = PBXGroup;
			children = (
				9BF9C4C91DF9934F0065D9F7 /* haihuilai_buyer.app */,
			);
			name = Products;
			sourceTree = "<group>";
		};
		9BF9C4CB1DF9934F0065D9F7 /* haihuilai_buyer */ = {
			isa = PBXGroup;
			children = (
				9BF9C4CC1DF9934F0065D9F7 /* AppDelegate.swift */,
				9BF9C4D31DF9934F0065D9F7 /* Assets.xcassets */,
				9BF9C4D51DF9934F0065D9F7 /* LaunchScreen.storyboard */,
				9BF9C4D81DF9934F0065D9F7 /* Info.plist */,
				9B0BCDAB1E0024380087FC35 /* haihuilai_buyer-Bridging-Header.h */,
				9BF9C4DE1DF993E00065D9F7 /* class */,
			);
			path = haihuilai_buyer;
			sourceTree = "<group>";
		};
		9BF9C4DE1DF993E00065D9F7 /* class */ = {
			isa = PBXGroup;
			children = (
				9BF9C4DF1DF993E00065D9F7 /* Common */,
				9BF9C4E71DF993E00065D9F7 /* LoginAndSignUp */,
				9B4F764C1F4AD90D00EDDC03 /* Order */,
				9B4F765C1F4BC68700EDDC03 /* Calendar */,
				9B4F76581F4BC67E00EDDC03 /* Motorcade */,
				9B4F76501F4BC61A00EDDC03 /* Home */,
				9B4F76541F4BC61A00EDDC03 /* Individual */,
			);
			path = class;
			sourceTree = "<group>";
		};
		9BF9C4DF1DF993E00065D9F7 /* Common */ = {
			isa = PBXGroup;
			children = (
				9BFA7AD71E02DC52005D6D3F /* HeaderFile.swift */,
				9B0BCDA91DFFD3FB0087FC35 /* HHCommon.swift */,
				9B33CA051F3B054A00461B4F /* HHLoadNibDelegate.swift */,
				9BF9C4E21DF993E00065D9F7 /* HHNavigationController.swift */,
				9B2E35E31F4E7865008E7BAC /* HHbaseBarController.swift */,
				9BF9C4E01DF993E00065D9F7 /* HHBaseTableViewController.swift */,
				9BF9C4E11DF993E00065D9F7 /* HHBaseViewController.swift */,
				9B4F76601F4BCDB700EDDC03 /* HHBaseScrollViewController.swift */,
				9B37B3B01F70FBFC00B8689A /* HHAdvertisementController.swift */,
				9B33CA131F417B5200461B4F /* Tool */,
			);
			path = Common;
			sourceTree = "<group>";
		};
		9BF9C4E71DF993E00065D9F7 /* LoginAndSignUp */ = {
			isa = PBXGroup;
			children = (
				9BF316D41F7399E800218061 /* ChoiceLocation */,
				9BF316BE1F73984800218061 /* ChoiceLeader */,
				9BF9C4E81DF993E00065D9F7 /* Controller */,
				9BF9C4EA1DF993E00065D9F7 /* Model */,
				9B0BCDB51E027DF10087FC35 /* ViewModel */,
				9BF9C4EB1DF993E00065D9F7 /* View */,
			);
			path = LoginAndSignUp;
			sourceTree = "<group>";
		};
		9BF9C4E81DF993E00065D9F7 /* Controller */ = {
			isa = PBXGroup;
			children = (
				9BF9C4E91DF993E00065D9F7 /* HHLoginController.swift */,
				9B33CA071F3C41D300461B4F /* HHChoiceCuntryController.swift */,
				9BF00B231E0910E90045E4D0 /* HHTestViewController.swift */,
				28AADEC41F455B420024D4E3 /* HHRegistProtocolController.swift */,
				9B6E5A481F45E3CF0055746C /* HHLayerController.swift */,
				28AADEC61F455B8C0024D4E3 /* HHChioceRoleController.swift */,
				9B06B1B51F6A75FB00EF5CB4 /* HHSignUpController.swift */,
				9B37B3A81F6F762D00B8689A /* HHDetailInfoController.swift */,
				9B10467B1F74F0730037C3EC /* HHDetailPictureController.swift */,
				9B37B3B21F71036400B8689A /* HHRewriteController.swift */,
			);
			path = Controller;
			sourceTree = "<group>";
		};
		9BF9C4EA1DF993E00065D9F7 /* Model */ = {
			isa = PBXGroup;
			children = (
				9B0BCDB81E027FAF0087FC35 /* HHAccountModel.swift */,
				9B33CA0D1F3C449A00461B4F /* HHChoiceCountryModel.swift */,
				9B33CA0F1F3C4C1700461B4F /* HHChoiceModel.swift */,
			);
			path = Model;
			sourceTree = "<group>";
		};
		9BF9C4EB1DF993E00065D9F7 /* View */ = {
			isa = PBXGroup;
			children = (
				9BD560A21F31A04D0054AF8F /* HHLogInAndSignUpView.swift */,
				9B33CA011F3AEC5B00461B4F /* HHLogInView.swift */,
				9B33CA031F3AED8600461B4F /* HHLogInView.xib */,
				9B33CA091F3C432500461B4F /* HHChoiceCountryCell.swift */,
				9B33CA0A1F3C432500461B4F /* HHChoiceCountryCell.xib */,
				28AADECC1F456FDA0024D4E3 /* HHChoiceView.swift */,
				9B37B3AA1F6F773B00B8689A /* HHDetailInfoCell.swift */,
				9B37B3AC1F6FA8F200B8689A /* HHNextOrdelegateCell.swift */,
				9B37B3AE1F6FC29800B8689A /* HHDetailInfoTwoCell.swift */,
				9B10467D1F74F1B30037C3EC /* HHImageViewCell.swift */,
			);
			path = View;
			sourceTree = "<group>";
		};
		9BFF8FC61F60DE69002AF33B /* setting */ = {
			isa = PBXGroup;
			children = (
				9BFF8FC71F60DEAD002AF33B /* HHSettingController.swift */,
			);
			path = setting;
			sourceTree = "<group>";
		};
		9BFF8FF81F623608002AF33B /* news */ = {
			isa = PBXGroup;
			children = (
				9BFF8FF91F623608002AF33B /* Controller */,
				9BFF8FFB1F623608002AF33B /* Model */,
				9BFF8FFC1F623608002AF33B /* View */,
			);
			path = news;
			sourceTree = "<group>";
		};
		9BFF8FF91F623608002AF33B /* Controller */ = {
			isa = PBXGroup;
			children = (
				9BFF900E1F6241B9002AF33B /* HHBaseNewsController.swift */,
			);
			path = Controller;
			sourceTree = "<group>";
		};
		9BFF8FFB1F623608002AF33B /* Model */ = {
			isa = PBXGroup;
			children = (
				9BFF90141F628A0F002AF33B /* HHNewsModel.swift */,
			);
			path = Model;
			sourceTree = "<group>";
		};
		9BFF8FFC1F623608002AF33B /* View */ = {
			isa = PBXGroup;
			children = (
				9BFF90101F628103002AF33B /* HHNewsTableView.swift */,
				9BFF90121F6282FC002AF33B /* HHNewsCell.swift */,
			);
			path = View;
			sourceTree = "<group>";
		};
		9BFF8FFE1F62367F002AF33B /* orderDetail */ = {
			isa = PBXGroup;
			children = (
				9BFF8FFF1F62367F002AF33B /* Controller */,
				9BFF90011F62367F002AF33B /* Model */,
				9BFF90031F62367F002AF33B /* View */,
			);
			path = orderDetail;
			sourceTree = "<group>";
		};
		9BFF8FFF1F62367F002AF33B /* Controller */ = {
			isa = PBXGroup;
			children = (
				9BFF90001F62367F002AF33B /* HHOrderController.swift */,
			);
			path = Controller;
			sourceTree = "<group>";
		};
		9BFF90011F62367F002AF33B /* Model */ = {
			isa = PBXGroup;
			children = (
				9BFF90021F62367F002AF33B /* HHOrderModel.swift */,
			);
			path = Model;
			sourceTree = "<group>";
		};
		9BFF90031F62367F002AF33B /* View */ = {
			isa = PBXGroup;
			children = (
				9BFF90041F62367F002AF33B /* HHOrderCell.swift */,
				9BFF90051F62367F002AF33B /* HHOrderCell.xib */,
				9BFF90061F62367F002AF33B /* HHOrderHeadView.swift */,
				9BFF90071F62367F002AF33B /* HHOrderTableView.swift */,
			);
			path = View;
			sourceTree = "<group>";
		};
		9BFF90161F665E83002AF33B /* search */ = {
			isa = PBXGroup;
			children = (
				9BFF90171F665E83002AF33B /* Controller */,
				9BFF90181F665E83002AF33B /* Model */,
				9BFF90191F665E83002AF33B /* View */,
			);
			name = search;
			path = orderDetail/search;
			sourceTree = "<group>";
		};
		9BFF90171F665E83002AF33B /* Controller */ = {
			isa = PBXGroup;
			children = (
				9BFF901A1F6660CD002AF33B /* HHSearchController.swift */,
			);
			path = Controller;
			sourceTree = "<group>";
		};
		9BFF90181F665E83002AF33B /* Model */ = {
			isa = PBXGroup;
			children = (
				9BFF90261F669464002AF33B /* HHMenuModel.swift */,
				9BFF90281F67868B002AF33B /* HHHistoryModel.swift */,
			);
			path = Model;
			sourceTree = "<group>";
		};
		9BFF90191F665E83002AF33B /* View */ = {
			isa = PBXGroup;
			children = (
				9BFF901C1F66621D002AF33B /* HHHeaderView.swift */,
				9BFF901E1F666283002AF33B /* HHMenuView.swift */,
				9BFF90201F6662C0002AF33B /* HHResultView.swift */,
				9BFF90221F6662D3002AF33B /* HHHistoryView.swift */,
				9BFF90241F66892F002AF33B /* HHMenuCell.swift */,
			);
			path = View;
			sourceTree = "<group>";
		};
		9BFF902C1F68CE63002AF33B /* Invite */ = {
			isa = PBXGroup;
			children = (
				9BFF902D1F68CE63002AF33B /* Controller */,
				9BFF902F1F68CE63002AF33B /* Model */,
				9BFF90311F68CE63002AF33B /* View */,
			);
			path = Invite;
			sourceTree = "<group>";
		};
		9BFF902D1F68CE63002AF33B /* Controller */ = {
			isa = PBXGroup;
			children = (
				9BFF90381F68D07D002AF33B /* HHInviteController.swift */,
			);
			path = Controller;
			sourceTree = "<group>";
		};
		9BFF902F1F68CE63002AF33B /* Model */ = {
			isa = PBXGroup;
			children = (
				9B06B1B11F691FDA00EF5CB4 /* HHInviteModel.swift */,
			);
			path = Model;
			sourceTree = "<group>";
		};
		9BFF90311F68CE63002AF33B /* View */ = {
			isa = PBXGroup;
			children = (
				9BFF903A1F68D407002AF33B /* HHInviteCell.swift */,
				9B06B1AF1F6904D900EF5CB4 /* HHAddressBook.swift */,
			);
			path = View;
			sourceTree = "<group>";
		};
		D444B466CF4E88DEED960C9F /* Pods */ = {
			isa = PBXGroup;
			children = (
				BC6128481E1D396E3399B6D5 /* Pods-haihuilai_buyer.debug.xcconfig */,
				DDDAECBC33DF554AF2EF511B /* Pods-haihuilai_buyer.release.xcconfig */,
			);
			name = Pods;
			sourceTree = "<group>";
		};
/* End PBXGroup section */

/* Begin PBXNativeTarget section */
		9BF9C4C81DF9934F0065D9F7 /* haihuilai_buyer */ = {
			isa = PBXNativeTarget;
			buildConfigurationList = 9BF9C4DB1DF9934F0065D9F7 /* Build configuration list for PBXNativeTarget "haihuilai_buyer" */;
			buildPhases = (
				D5E704CF8820C13380B45543 /* [CP] Check Pods Manifest.lock */,
				9BF9C4C51DF9934F0065D9F7 /* Sources */,
				9BF9C4C61DF9934F0065D9F7 /* Frameworks */,
				9BF9C4C71DF9934F0065D9F7 /* Resources */,
				A44E1548FBB83B4DB159C20E /* [CP] Embed Pods Frameworks */,
				9B82F73F81A60B289E62D692 /* [CP] Copy Pods Resources */,
			);
			buildRules = (
			);
			dependencies = (
			);
			name = haihuilai_buyer;
			productName = haihuilai_buyer;
			productReference = 9BF9C4C91DF9934F0065D9F7 /* haihuilai_buyer.app */;
			productType = "com.apple.product-type.application";
		};
/* End PBXNativeTarget section */

/* Begin PBXProject section */
		9BF9C4C11DF9934F0065D9F7 /* Project object */ = {
			isa = PBXProject;
			attributes = {
				CLASSPREFIX = HH;
				LastSwiftUpdateCheck = 0810;
				LastUpgradeCheck = 0820;
				ORGANIZATIONNAME = haihuilai;
				TargetAttributes = {
					9BF9C4C81DF9934F0065D9F7 = {
						CreatedOnToolsVersion = 8.1;
						DevelopmentTeam = 44L9ZRZ9BD;
						LastSwiftMigration = 0810;
						ProvisioningStyle = Automatic;
					};
				};
			};
			buildConfigurationList = 9BF9C4C41DF9934F0065D9F7 /* Build configuration list for PBXProject "haihuilai_buyer" */;
			compatibilityVersion = "Xcode 3.2";
			developmentRegion = English;
			hasScannedForEncodings = 0;
			knownRegions = (
				en,
				Base,
			);
			mainGroup = 9BF9C4C01DF9934F0065D9F7;
			productRefGroup = 9BF9C4CA1DF9934F0065D9F7 /* Products */;
			projectDirPath = "";
			projectRoot = "";
			targets = (
				9BF9C4C81DF9934F0065D9F7 /* haihuilai_buyer */,
			);
		};
/* End PBXProject section */

/* Begin PBXResourcesBuildPhase section */
		9BF9C4C71DF9934F0065D9F7 /* Resources */ = {
			isa = PBXResourcesBuildPhase;
			buildActionMask = 2147483647;
			files = (
				9BFF900B1F62367F002AF33B /* HHOrderCell.xib in Resources */,
				9B33CA041F3AED8600461B4F /* HHLogInView.xib in Resources */,
				9BF9C4D71DF9934F0065D9F7 /* LaunchScreen.storyboard in Resources */,
				9BF9C4D41DF9934F0065D9F7 /* Assets.xcassets in Resources */,
				9B33CA0C1F3C432500461B4F /* HHChoiceCountryCell.xib in Resources */,
			);
			runOnlyForDeploymentPostprocessing = 0;
		};
/* End PBXResourcesBuildPhase section */

/* Begin PBXShellScriptBuildPhase section */
		9B82F73F81A60B289E62D692 /* [CP] Copy Pods Resources */ = {
			isa = PBXShellScriptBuildPhase;
			buildActionMask = 2147483647;
			files = (
			);
			inputPaths = (
			);
			name = "[CP] Copy Pods Resources";
			outputPaths = (
			);
			runOnlyForDeploymentPostprocessing = 0;
			shellPath = /bin/sh;
			shellScript = "\"${SRCROOT}/Pods/Target Support Files/Pods-haihuilai_buyer/Pods-haihuilai_buyer-resources.sh\"\n";
			showEnvVarsInLog = 0;
		};
		A44E1548FBB83B4DB159C20E /* [CP] Embed Pods Frameworks */ = {
			isa = PBXShellScriptBuildPhase;
			buildActionMask = 2147483647;
			files = (
			);
			inputPaths = (
			);
			name = "[CP] Embed Pods Frameworks";
			outputPaths = (
			);
			runOnlyForDeploymentPostprocessing = 0;
			shellPath = /bin/sh;
			shellScript = "\"${SRCROOT}/Pods/Target Support Files/Pods-haihuilai_buyer/Pods-haihuilai_buyer-frameworks.sh\"\n";
			showEnvVarsInLog = 0;
		};
		D5E704CF8820C13380B45543 /* [CP] Check Pods Manifest.lock */ = {
			isa = PBXShellScriptBuildPhase;
			buildActionMask = 2147483647;
			files = (
			);
			inputPaths = (
			);
			name = "[CP] Check Pods Manifest.lock";
			outputPaths = (
			);
			runOnlyForDeploymentPostprocessing = 0;
			shellPath = /bin/sh;
			shellScript = "diff \"${PODS_ROOT}/../Podfile.lock\" \"${PODS_ROOT}/Manifest.lock\" > /dev/null\nif [ $? != 0 ] ; then\n    # print error to STDERR\n    echo \"error: The sandbox is not in sync with the Podfile.lock. Run 'pod install' or update your CocoaPods installation.\" >&2\n    exit 1\nfi\n";
			showEnvVarsInLog = 0;
		};
/* End PBXShellScriptBuildPhase section */

/* Begin PBXSourcesBuildPhase section */
		9BF9C4C51DF9934F0065D9F7 /* Sources */ = {
			isa = PBXSourcesBuildPhase;
			buildActionMask = 2147483647;
			files = (
				9BF316C71F73984800218061 /* HHChoiceLeaderController.swift in Sources */,
				9BFF8FB81F4EAEA4002AF33B /* HHMotorcadeFirstCell.swift in Sources */,
				9BFF90211F6662C0002AF33B /* HHResultView.swift in Sources */,
				9B06B1B61F6A75FB00EF5CB4 /* HHSignUpController.swift in Sources */,
				9B37B3AF1F6FC29800B8689A /* HHDetailInfoTwoCell.swift in Sources */,
				9B6E5A471F4593EF0055746C /* HHPhotoPickManager.swift in Sources */,
				9BFF90151F628A0F002AF33B /* HHNewsModel.swift in Sources */,
				9BFF900D1F62367F002AF33B /* HHOrderTableView.swift in Sources */,
				9B2E35E41F4E7865008E7BAC /* HHbaseBarController.swift in Sources */,
				9BD560A31F31A04D0054AF8F /* HHLogInAndSignUpView.swift in Sources */,
				9B0BCDB71E027E420087FC35 /* HHAccountViewModel.swift in Sources */,
				9BF9C4F41DF993E00065D9F7 /* HHLoginController.swift in Sources */,
				9BF9C4F11DF993E00065D9F7 /* HHBaseTableViewController.swift in Sources */,
				9B33CA121F3C50DE00461B4F /* HHNetworkClass.swift in Sources */,
				9BFF8FC81F60DEAD002AF33B /* HHSettingController.swift in Sources */,
				9B37B3B11F70FBFC00B8689A /* HHAdvertisementController.swift in Sources */,
				9B33CA0E1F3C449A00461B4F /* HHChoiceCountryModel.swift in Sources */,
				9B4F76611F4BCDB700EDDC03 /* HHBaseScrollViewController.swift in Sources */,
				9BFF90271F669464002AF33B /* HHMenuModel.swift in Sources */,
				9B33CA021F3AEC5B00461B4F /* HHLogInView.swift in Sources */,
				9BF9C4CD1DF9934F0065D9F7 /* AppDelegate.swift in Sources */,
				9B33CA0B1F3C432500461B4F /* HHChoiceCountryCell.swift in Sources */,
				9BF316D31F7399A700218061 /* HHLeaderDetailCell.swift in Sources */,
				9BF316C91F73984800218061 /* HHChoiceLeaderModel.swift in Sources */,
				9B2E35E81F4E7D91008E7BAC /* HHCalendarController.swift in Sources */,
				9BFF903B1F68D407002AF33B /* HHInviteCell.swift in Sources */,
				9B06B1B01F6904D900EF5CB4 /* HHAddressBook.swift in Sources */,
				9B0BCDB41E014A9A0087FC35 /* HHNetworkTools.swift in Sources */,
				9BFA7AD81E02DC52005D6D3F /* HeaderFile.swift in Sources */,
				9B37B3B31F71036400B8689A /* HHRewriteController.swift in Sources */,
				9BFF90391F68D07D002AF33B /* HHInviteController.swift in Sources */,
				9B33CA151F417CDB00461B4F /* HHProgressHUD.swift in Sources */,
				9BFF90111F628103002AF33B /* HHNewsTableView.swift in Sources */,
				9BFF90231F6662D3002AF33B /* HHHistoryView.swift in Sources */,
				9B37B3AD1F6FA8F200B8689A /* HHNextOrdelegateCell.swift in Sources */,
				9BFF90291F67868B002AF33B /* HHHistoryModel.swift in Sources */,
				9BFF900C1F62367F002AF33B /* HHOrderHeadView.swift in Sources */,
				9BF9C4F21DF993E00065D9F7 /* HHBaseViewController.swift in Sources */,
				9B06B1B21F691FDA00EF5CB4 /* HHInviteModel.swift in Sources */,
				9B6E5A4B1F46ED2A0055746C /* HHPickerView.swift in Sources */,
				9B0BCDB91E027FAF0087FC35 /* HHAccountModel.swift in Sources */,
				9B6E5A491F45E3CF0055746C /* HHLayerController.swift in Sources */,
				9B2E35EA1F4E7E03008E7BAC /* HHHomeController.swift in Sources */,
				9BF316C81F73984800218061 /* HHLeaderDetailController.swift in Sources */,
				9BFF90091F62367F002AF33B /* HHOrderModel.swift in Sources */,
				9BFF902B1F67BA10002AF33B /* HHDateChoice.swift in Sources */,
				9BF316E51F739A2000218061 /* HHChoiceLoactionFirstController.swift in Sources */,
				9B06B1C11F6A7D3200EF5CB4 /* UIBarButtonItem+Category.swift in Sources */,
				9BF316E91F739A3400218061 /* HHChoiceLoactionFirstModel.swift in Sources */,
				9BF316E61F739A2000218061 /* HHChoiceLoactionSecondController.swift in Sources */,
				9B0BCDAA1DFFD3FB0087FC35 /* HHCommon.swift in Sources */,
				9BFF90131F6282FC002AF33B /* HHNewsCell.swift in Sources */,
				9BF9C4F31DF993E00065D9F7 /* HHNavigationController.swift in Sources */,
				9B06B1C31F6A7D3200EF5CB4 /* UIImageView+Category.swift in Sources */,
				9BFF901D1F66621D002AF33B /* HHHeaderView.swift in Sources */,
				9B06B1B41F6A20B000EF5CB4 /* HHIndexView.swift in Sources */,
				9BFF900A1F62367F002AF33B /* HHOrderCell.swift in Sources */,
				9B10467C1F74F0730037C3EC /* HHDetailPictureController.swift in Sources */,
				9B06B1C21F6A7D3200EF5CB4 /* UIButton+Category.swift in Sources */,
				9BFF901B1F6660CD002AF33B /* HHSearchController.swift in Sources */,
				9B37B3AB1F6F773B00B8689A /* HHDetailInfoCell.swift in Sources */,
				9B33CA081F3C41D300461B4F /* HHChoiceCuntryController.swift in Sources */,
				9B37B3A91F6F762D00B8689A /* HHDetailInfoController.swift in Sources */,
				9BFF8FC41F5E8910002AF33B /* HHInfoCell.swift in Sources */,
				9BF316D11F73997800218061 /* HHChoiceLeaderCell.swift in Sources */,
				9B10467E1F74F1B30037C3EC /* HHImageViewCell.swift in Sources */,
				9B2E35EC1F4E7E2E008E7BAC /* HHIndividualController.swift in Sources */,
				9BFF8FC01F5D01CA002AF33B /* HHHomeCell.swift in Sources */,
				9B06B1C41F6A7D3200EF5CB4 /* UILabel+Category.swift in Sources */,
				9B06B1C51F6A7D3200EF5CB4 /* UITextField+Category.swift in Sources */,
				9BF316E71F739A2000218061 /* HHChoiceLoactionThirdController.swift in Sources */,
				9BFF8FBA1F4EB196002AF33B /* HHMotorcadeSecondCell.swift in Sources */,
				9BFF8FC21F5D63E1002AF33B /* HHInfoView.swift in Sources */,
				9BFF90251F66892F002AF33B /* HHMenuCell.swift in Sources */,
				28AADECD1F456FDA0024D4E3 /* HHChoiceView.swift in Sources */,
				9B4F764B1F4AAC1D00EDDC03 /* HHTimer.swift in Sources */,
				28AADEC71F455B8C0024D4E3 /* HHChioceRoleController.swift in Sources */,
				28AADEC51F455B420024D4E3 /* HHRegistProtocolController.swift in Sources */,
				9BFF8FBE1F5CFB0E002AF33B /* HHHomeNoticeModel.swift in Sources */,
				9B33CA061F3B054A00461B4F /* HHLoadNibDelegate.swift in Sources */,
				9BFF901F1F666283002AF33B /* HHMenuView.swift in Sources */,
				9BFF8FBC1F4EC9FD002AF33B /* HHMotorcadeModel.swift in Sources */,
				9BF00B241E0910E90045E4D0 /* HHTestViewController.swift in Sources */,
				9B33CA101F3C4C1700461B4F /* HHChoiceModel.swift in Sources */,
				9BFF90081F62367F002AF33B /* HHOrderController.swift in Sources */,
				9BFF900F1F6241B9002AF33B /* HHBaseNewsController.swift in Sources */,
				9B2E35E61F4E7D48008E7BAC /* HHMotorcadeController.swift in Sources */,
			);
			runOnlyForDeploymentPostprocessing = 0;
		};
/* End PBXSourcesBuildPhase section */

/* Begin PBXVariantGroup section */
		9BF9C4D51DF9934F0065D9F7 /* LaunchScreen.storyboard */ = {
			isa = PBXVariantGroup;
			children = (
				9BF9C4D61DF9934F0065D9F7 /* Base */,
			);
			name = LaunchScreen.storyboard;
			sourceTree = "<group>";
		};
/* End PBXVariantGroup section */

/* Begin XCBuildConfiguration section */
		9BF9C4D91DF9934F0065D9F7 /* Debug */ = {
			isa = XCBuildConfiguration;
			buildSettings = {
				ALWAYS_SEARCH_USER_PATHS = NO;
				CLANG_ANALYZER_NONNULL = YES;
				CLANG_CXX_LANGUAGE_STANDARD = "gnu++0x";
				CLANG_CXX_LIBRARY = "libc++";
				CLANG_ENABLE_MODULES = YES;
				CLANG_ENABLE_OBJC_ARC = YES;
				CLANG_WARN_BOOL_CONVERSION = YES;
				CLANG_WARN_CONSTANT_CONVERSION = YES;
				CLANG_WARN_DIRECT_OBJC_ISA_USAGE = YES_ERROR;
				CLANG_WARN_DOCUMENTATION_COMMENTS = YES;
				CLANG_WARN_EMPTY_BODY = YES;
				CLANG_WARN_ENUM_CONVERSION = YES;
				CLANG_WARN_INFINITE_RECURSION = YES;
				CLANG_WARN_INT_CONVERSION = YES;
				CLANG_WARN_OBJC_ROOT_CLASS = YES_ERROR;
				CLANG_WARN_SUSPICIOUS_MOVE = YES;
				CLANG_WARN_SUSPICIOUS_MOVES = YES;
				CLANG_WARN_UNREACHABLE_CODE = YES;
				CLANG_WARN__DUPLICATE_METHOD_MATCH = YES;
				"CODE_SIGN_IDENTITY[sdk=iphoneos*]" = "iPhone Developer";
				COPY_PHASE_STRIP = NO;
				DEBUG_INFORMATION_FORMAT = dwarf;
				ENABLE_STRICT_OBJC_MSGSEND = YES;
				ENABLE_TESTABILITY = YES;
				GCC_C_LANGUAGE_STANDARD = gnu99;
				GCC_DYNAMIC_NO_PIC = NO;
				GCC_NO_COMMON_BLOCKS = YES;
				GCC_OPTIMIZATION_LEVEL = 0;
				GCC_PREPROCESSOR_DEFINITIONS = (
					"DEBUG=1",
					"$(inherited)",
				);
				GCC_WARN_64_TO_32_BIT_CONVERSION = YES;
				GCC_WARN_ABOUT_RETURN_TYPE = YES_ERROR;
				GCC_WARN_UNDECLARED_SELECTOR = YES;
				GCC_WARN_UNINITIALIZED_AUTOS = YES_AGGRESSIVE;
				GCC_WARN_UNUSED_FUNCTION = YES;
				GCC_WARN_UNUSED_VARIABLE = YES;
				IPHONEOS_DEPLOYMENT_TARGET = 10.1;
				MTL_ENABLE_DEBUG_INFO = YES;
				ONLY_ACTIVE_ARCH = YES;
				SDKROOT = iphoneos;
				SWIFT_ACTIVE_COMPILATION_CONDITIONS = DEBUG;
				SWIFT_OPTIMIZATION_LEVEL = "-Onone";
				TARGETED_DEVICE_FAMILY = "1,2";
			};
			name = Debug;
		};
		9BF9C4DA1DF9934F0065D9F7 /* Release */ = {
			isa = XCBuildConfiguration;
			buildSettings = {
				ALWAYS_SEARCH_USER_PATHS = NO;
				CLANG_ANALYZER_NONNULL = YES;
				CLANG_CXX_LANGUAGE_STANDARD = "gnu++0x";
				CLANG_CXX_LIBRARY = "libc++";
				CLANG_ENABLE_MODULES = YES;
				CLANG_ENABLE_OBJC_ARC = YES;
				CLANG_WARN_BOOL_CONVERSION = YES;
				CLANG_WARN_CONSTANT_CONVERSION = YES;
				CLANG_WARN_DIRECT_OBJC_ISA_USAGE = YES_ERROR;
				CLANG_WARN_DOCUMENTATION_COMMENTS = YES;
				CLANG_WARN_EMPTY_BODY = YES;
				CLANG_WARN_ENUM_CONVERSION = YES;
				CLANG_WARN_INFINITE_RECURSION = YES;
				CLANG_WARN_INT_CONVERSION = YES;
				CLANG_WARN_OBJC_ROOT_CLASS = YES_ERROR;
				CLANG_WARN_SUSPICIOUS_MOVE = YES;
				CLANG_WARN_SUSPICIOUS_MOVES = YES;
				CLANG_WARN_UNREACHABLE_CODE = YES;
				CLANG_WARN__DUPLICATE_METHOD_MATCH = YES;
				"CODE_SIGN_IDENTITY[sdk=iphoneos*]" = "iPhone Developer";
				COPY_PHASE_STRIP = NO;
				DEBUG_INFORMATION_FORMAT = "dwarf-with-dsym";
				ENABLE_NS_ASSERTIONS = NO;
				ENABLE_STRICT_OBJC_MSGSEND = YES;
				GCC_C_LANGUAGE_STANDARD = gnu99;
				GCC_NO_COMMON_BLOCKS = YES;
				GCC_WARN_64_TO_32_BIT_CONVERSION = YES;
				GCC_WARN_ABOUT_RETURN_TYPE = YES_ERROR;
				GCC_WARN_UNDECLARED_SELECTOR = YES;
				GCC_WARN_UNINITIALIZED_AUTOS = YES_AGGRESSIVE;
				GCC_WARN_UNUSED_FUNCTION = YES;
				GCC_WARN_UNUSED_VARIABLE = YES;
				IPHONEOS_DEPLOYMENT_TARGET = 10.1;
				MTL_ENABLE_DEBUG_INFO = NO;
				SDKROOT = iphoneos;
				SWIFT_OPTIMIZATION_LEVEL = "-Owholemodule";
				TARGETED_DEVICE_FAMILY = "1,2";
				VALIDATE_PRODUCT = YES;
			};
			name = Release;
		};
		9BF9C4DC1DF9934F0065D9F7 /* Debug */ = {
			isa = XCBuildConfiguration;
			baseConfigurationReference = BC6128481E1D396E3399B6D5 /* Pods-haihuilai_buyer.debug.xcconfig */;
			buildSettings = {
				ASSETCATALOG_COMPILER_APPICON_NAME = AppIcon;
				ASSETCATALOG_COMPILER_LAUNCHIMAGE_NAME = LaunchImage;
				CLANG_ENABLE_MODULES = YES;
				"CODE_SIGN_IDENTITY[sdk=iphoneos*]" = "iPhone Developer";
				DEVELOPMENT_TEAM = 44L9ZRZ9BD;
				INFOPLIST_FILE = haihuilai_buyer/Info.plist;
				IPHONEOS_DEPLOYMENT_TARGET = 9.0;
				LD_RUNPATH_SEARCH_PATHS = "$(inherited) @executable_path/Frameworks";
				PRODUCT_BUNDLE_IDENTIFIER = com.haihuilai.airtips;
				PRODUCT_NAME = "$(TARGET_NAME)";
				SWIFT_OBJC_BRIDGING_HEADER = "$(PROJECT_DIR)/haihuilai_buyer/class/Common/haihuilai_buyer-Bridging-Header.h";
				SWIFT_OPTIMIZATION_LEVEL = "-Onone";
				SWIFT_VERSION = 3.0;
				TARGETED_DEVICE_FAMILY = 1;
			};
			name = Debug;
		};
		9BF9C4DD1DF9934F0065D9F7 /* Release */ = {
			isa = XCBuildConfiguration;
			baseConfigurationReference = DDDAECBC33DF554AF2EF511B /* Pods-haihuilai_buyer.release.xcconfig */;
			buildSettings = {
				ASSETCATALOG_COMPILER_APPICON_NAME = AppIcon;
				ASSETCATALOG_COMPILER_LAUNCHIMAGE_NAME = LaunchImage;
				CLANG_ENABLE_MODULES = YES;
				"CODE_SIGN_IDENTITY[sdk=iphoneos*]" = "iPhone Developer";
				DEVELOPMENT_TEAM = 44L9ZRZ9BD;
				INFOPLIST_FILE = haihuilai_buyer/Info.plist;
				IPHONEOS_DEPLOYMENT_TARGET = 9.0;
				LD_RUNPATH_SEARCH_PATHS = "$(inherited) @executable_path/Frameworks";
				PRODUCT_BUNDLE_IDENTIFIER = com.haihuilai.airtips;
				PRODUCT_NAME = "$(TARGET_NAME)";
				SWIFT_OBJC_BRIDGING_HEADER = "$(PROJECT_DIR)/haihuilai_buyer/class/Common/haihuilai_buyer-Bridging-Header.h";
				SWIFT_VERSION = 3.0;
				TARGETED_DEVICE_FAMILY = 1;
			};
			name = Release;
		};
/* End XCBuildConfiguration section */

/* Begin XCConfigurationList section */
		9BF9C4C41DF9934F0065D9F7 /* Build configuration list for PBXProject "haihuilai_buyer" */ = {
			isa = XCConfigurationList;
			buildConfigurations = (
				9BF9C4D91DF9934F0065D9F7 /* Debug */,
				9BF9C4DA1DF9934F0065D9F7 /* Release */,
			);
			defaultConfigurationIsVisible = 0;
			defaultConfigurationName = Release;
		};
		9BF9C4DB1DF9934F0065D9F7 /* Build configuration list for PBXNativeTarget "haihuilai_buyer" */ = {
			isa = XCConfigurationList;
			buildConfigurations = (
				9BF9C4DC1DF9934F0065D9F7 /* Debug */,
				9BF9C4DD1DF9934F0065D9F7 /* Release */,
			);
			defaultConfigurationIsVisible = 0;
			defaultConfigurationName = Release;
		};
/* End XCConfigurationList section */
	};
	rootObject = 9BF9C4C11DF9934F0065D9F7 /* Project object */;
}
